[[package]]
name = "atomicwrites"
version = "1.4.0"
description = "Atomic file writes."
category = "dev"
optional = false
python-versions = ">=2.7, !=3.0.*, !=3.1.*, !=3.2.*, !=3.3.*"

[[package]]
name = "attrs"
version = "21.4.0"
description = "Classes Without Boilerplate"
category = "dev"
optional = false
python-versions = ">=2.7, !=3.0.*, !=3.1.*, !=3.2.*, !=3.3.*, !=3.4.*"

[package.extras]
dev = ["cloudpickle", "coverage[toml] (>=5.0.2)", "furo", "hypothesis", "mypy", "pre-commit", "pympler", "pytest (>=4.3.0)", "pytest-mypy-plugins", "six", "sphinx", "sphinx-notfound-page", "zope.interface"]
docs = ["furo", "sphinx", "sphinx-notfound-page", "zope.interface"]
tests = ["cloudpickle", "coverage[toml] (>=5.0.2)", "hypothesis", "mypy", "pympler", "pytest (>=4.3.0)", "pytest-mypy-plugins", "six", "zope.interface"]
tests_no_zope = ["cloudpickle", "coverage[toml] (>=5.0.2)", "hypothesis", "mypy", "pympler", "pytest (>=4.3.0)", "pytest-mypy-plugins", "six"]

[[package]]
name = "colorama"
version = "0.4.4"
description = "Cross-platform colored terminal text."
category = "dev"
optional = false
python-versions = ">=2.7, !=3.0.*, !=3.1.*, !=3.2.*, !=3.3.*, !=3.4.*"

[[package]]
name = "coverage"
version = "6.3.3"
description = "Code coverage measurement for Python"
category = "dev"
optional = false
python-versions = ">=3.7"

[package.dependencies]
tomli = {version = "*", optional = true, markers = "extra == \"toml\""}

[package.extras]
toml = ["tomli"]

[[package]]
name = "cx-oracle"
version = "8.3.0"
description = "Python interface to Oracle"
category = "main"
optional = true
python-versions = "*"

[[package]]
name = "importlib-metadata"
version = "4.11.3"
description = "Read metadata from Python packages"
category = "dev"
optional = false
python-versions = ">=3.7"

[package.dependencies]
typing-extensions = {version = ">=3.6.4", markers = "python_version < \"3.8\""}
zipp = ">=0.5"

[package.extras]
docs = ["jaraco.packaging (>=9)", "rst.linker (>=1.9)", "sphinx"]
perf = ["ipython"]
testing = ["flufl.flake8", "importlib-resources (>=1.3)", "packaging", "pyfakefs", "pytest (>=6)", "pytest-black (>=0.3.7)", "pytest-checkdocs (>=2.4)", "pytest-cov", "pytest-enabler (>=1.0.1)", "pytest-flake8", "pytest-mypy (>=0.9.1)", "pytest-perf (>=0.9.2)"]

[[package]]
name = "iniconfig"
version = "1.1.1"
description = "iniconfig: brain-dead simple config-ini parsing"
category = "dev"
optional = false
python-versions = "*"

[[package]]
name = "mysql-connector-python"
version = "8.0.29"
description = "MySQL driver written in Python"
category = "main"
optional = true
python-versions = "*"

[package.dependencies]
protobuf = ">=3.0.0"

[package.extras]
compression = ["lz4 (>=2.1.6)", "zstandard (>=0.12.0)"]
dns-srv = ["dnspython (>=1.16.0)"]
gssapi = ["gssapi (>=1.6.9)"]

[[package]]
name = "packaging"
version = "21.3"
description = "Core utilities for Python packages"
category = "dev"
optional = false
python-versions = ">=3.6"

[package.dependencies]
pyparsing = ">=2.0.2,<3.0.5 || >3.0.5"

[[package]]
name = "pluggy"
version = "1.0.0"
description = "plugin and hook calling mechanisms for python"
category = "dev"
optional = false
python-versions = ">=3.6"

[package.dependencies]
importlib-metadata = {version = ">=0.12", markers = "python_version < \"3.8\""}

[package.extras]
dev = ["pre-commit", "tox"]
testing = ["pytest", "pytest-benchmark"]

[[package]]
name = "protobuf"
version = "3.20.2"
description = "Protocol Buffers"
category = "main"
optional = false
python-versions = ">=3.7"

[[package]]
name = "psycopg2"
version = "2.9.3"
description = "psycopg2 - Python-PostgreSQL Database Adapter"
category = "main"
optional = true
python-versions = ">=3.6"

[[package]]
name = "py"
version = "1.11.0"
description = "library with cross-python path, ini-parsing, io, code, log facilities"
category = "dev"
optional = false
python-versions = ">=2.7, !=3.0.*, !=3.1.*, !=3.2.*, !=3.3.*, !=3.4.*"

[[package]]
name = "pymssql"
version = "2.2.5"
description = "DB-API interface to Microsoft SQL Server for Python. (new Cython-based version)"
category = "main"
optional = true
python-versions = "*"

[[package]]
name = "pyparsing"
version = "3.0.9"
description = "pyparsing module - Classes and methods to define and execute parsing grammars"
category = "dev"
optional = false
python-versions = ">=3.6.8"

[package.extras]
diagrams = ["jinja2", "railroad-diagrams"]

[[package]]
name = "pytest"
version = "7.1.2"
description = "pytest: simple powerful testing with Python"
category = "dev"
optional = false
python-versions = ">=3.7"

[package.dependencies]
atomicwrites = {version = ">=1.0", markers = "sys_platform == \"win32\""}
attrs = ">=19.2.0"
colorama = {version = "*", markers = "sys_platform == \"win32\""}
importlib-metadata = {version = ">=0.12", markers = "python_version < \"3.8\""}
iniconfig = "*"
packaging = "*"
pluggy = ">=0.12,<2.0"
py = ">=1.8.2"
tomli = ">=1.0.0"

[package.extras]
testing = ["argcomplete", "hypothesis (>=3.56)", "mock", "nose", "pygments (>=2.7.2)", "requests", "xmlschema"]

[[package]]
name = "pytest-cov"
version = "3.0.0"
description = "Pytest plugin for measuring coverage."
category = "dev"
optional = false
python-versions = ">=3.6"

[package.dependencies]
coverage = {version = ">=5.2.1", extras = ["toml"]}
pytest = ">=4.6"

[package.extras]
testing = ["fields", "hunter", "process-tests", "pytest-xdist", "six", "virtualenv"]

[[package]]
name = "tablib"
version = "3.2.1"
description = "Format agnostic tabular data library (XLS, JSON, YAML, CSV)"
category = "dev"
optional = false
python-versions = ">=3.7"

[package.extras]
all = ["markuppy", "odfpy", "openpyxl (>=2.6.0)", "pandas", "pyyaml", "tabulate", "xlrd", "xlwt"]
cli = ["tabulate"]
html = ["markuppy"]
ods = ["odfpy"]
pandas = ["pandas"]
xls = ["xlrd", "xlwt"]
xlsx = ["openpyxl (>=2.6.0)"]
yaml = ["pyyaml"]

[[package]]
name = "tomli"
version = "2.0.1"
description = "A lil' TOML parser"
category = "dev"
optional = false
python-versions = ">=3.7"

[[package]]
name = "typing-extensions"
version = "4.2.0"
description = "Backported and Experimental Type Hints for Python 3.7+"
category = "dev"
optional = false
python-versions = ">=3.7"

[[package]]
name = "zipp"
version = "3.8.0"
description = "Backport of pathlib-compatible object wrapper for zip files"
category = "dev"
optional = false
python-versions = ">=3.7"

[package.extras]
docs = ["jaraco.packaging (>=9)", "rst.linker (>=1.9)", "sphinx"]
testing = ["func-timeout", "jaraco.itertools", "pytest (>=6)", "pytest-black (>=0.3.7)", "pytest-checkdocs (>=2.4)", "pytest-cov", "pytest-enabler (>=1.0.1)", "pytest-flake8", "pytest-mypy (>=0.9.1)"]

[extras]
all = ["mysql-connector-python", "psycopg2", "pymssql", "cx-Oracle"]
mssql = ["pymssql"]
mysql = ["mysql-connector-python"]
oracle = ["cx-Oracle"]
postgresql = ["psycopg2"]

[metadata]
lock-version = "1.1"
python-versions = "^3.7"
content-hash = "53ce50ad195b51c52764a7120c1dfc47389315e41260bbe391d0337d66785cb2"

[metadata.files]
atomicwrites = [
    {file = "atomicwrites-1.4.0-py2.py3-none-any.whl", hash = "sha256:6d1784dea7c0c8d4a5172b6c620f40b6e4cbfdf96d783691f2e1302a7b88e197"},
    {file = "atomicwrites-1.4.0.tar.gz", hash = "sha256:ae70396ad1a434f9c7046fd2dd196fc04b12f9e91ffb859164193be8b6168a7a"},
]
attrs = [
    {file = "attrs-21.4.0-py2.py3-none-any.whl", hash = "sha256:2d27e3784d7a565d36ab851fe94887c5eccd6a463168875832a1be79c82828b4"},
    {file = "attrs-21.4.0.tar.gz", hash = "sha256:626ba8234211db98e869df76230a137c4c40a12d72445c45d5f5b716f076e2fd"},
]
colorama = [
    {file = "colorama-0.4.4-py2.py3-none-any.whl", hash = "sha256:9f47eda37229f68eee03b24b9748937c7dc3868f906e8ba69fbcbdd3bc5dc3e2"},
    {file = "colorama-0.4.4.tar.gz", hash = "sha256:5941b2b48a20143d2267e95b1c2a7603ce057ee39fd88e7329b0c292aa16869b"},
]
coverage = [
    {file = "coverage-6.3.3-cp310-cp310-macosx_10_9_x86_64.whl", hash = "sha256:df32ee0f4935a101e4b9a5f07b617d884a531ed5666671ff6ac66d2e8e8246d8"},
    {file = "coverage-6.3.3-cp310-cp310-macosx_11_0_arm64.whl", hash = "sha256:75b5dbffc334e0beb4f6c503fb95e6d422770fd2d1b40a64898ea26d6c02742d"},
    {file = "coverage-6.3.3-cp310-cp310-manylinux_2_17_aarch64.manylinux2014_aarch64.whl", hash = "sha256:114944e6061b68a801c5da5427b9173a0dd9d32cd5fcc18a13de90352843737d"},
    {file = "coverage-6.3.3-cp310-cp310-manylinux_2_5_i686.manylinux1_i686.manylinux_2_17_i686.manylinux2014_i686.whl", hash = "sha256:2ab88a01cd180b5640ccc9c47232e31924d5f9967ab7edd7e5c91c68eee47a69"},
    {file = "coverage-6.3.3-cp310-cp310-manylinux_2_5_x86_64.manylinux1_x86_64.manylinux_2_17_x86_64.manylinux2014_x86_64.whl", hash = "sha256:ad8f9068f5972a46d50fe5f32c09d6ee11da69c560fcb1b4c3baea246ca4109b"},
    {file = "coverage-6.3.3-cp310-cp310-musllinux_1_1_aarch64.whl", hash = "sha256:4cd696aa712e6cd16898d63cf66139dc70d998f8121ab558f0e1936396dbc579"},
    {file = "coverage-6.3.3-cp310-cp310-musllinux_1_1_i686.whl", hash = "sha256:c1a9942e282cc9d3ed522cd3e3cab081149b27ea3bda72d6f61f84eaf88c1a63"},
    {file = "coverage-6.3.3-cp310-cp310-musllinux_1_1_x86_64.whl", hash = "sha256:c06455121a089252b5943ea682187a4e0a5cf0a3fb980eb8e7ce394b144430a9"},
    {file = "coverage-6.3.3-cp310-cp310-win32.whl", hash = "sha256:cb5311d6ccbd22578c80028c5e292a7ab9adb91bd62c1982087fad75abe2e63d"},
    {file = "coverage-6.3.3-cp310-cp310-win_amd64.whl", hash = "sha256:6d4a6f30f611e657495cc81a07ff7aa8cd949144e7667c5d3e680d73ba7a70e4"},
    {file = "coverage-6.3.3-cp37-cp37m-macosx_10_9_x86_64.whl", hash = "sha256:79bf405432428e989cad7b8bc60581963238f7645ae8a404f5dce90236cc0293"},
    {file = "coverage-6.3.3-cp37-cp37m-manylinux_2_17_aarch64.manylinux2014_aarch64.whl", hash = "sha256:338c417613f15596af9eb7a39353b60abec9d8ce1080aedba5ecee6a5d85f8d3"},
    {file = "coverage-6.3.3-cp37-cp37m-manylinux_2_5_i686.manylinux1_i686.manylinux_2_17_i686.manylinux2014_i686.whl", hash = "sha256:db094a6a4ae6329ed322a8973f83630b12715654c197dd392410400a5bfa1a73"},
    {file = "coverage-6.3.3-cp37-cp37m-manylinux_2_5_x86_64.manylinux1_x86_64.manylinux_2_17_x86_64.manylinux2014_x86_64.whl", hash = "sha256:1414e8b124611bf4df8d77215bd32cba6e3425da8ce9c1f1046149615e3a9a31"},
    {file = "coverage-6.3.3-cp37-cp37m-musllinux_1_1_aarch64.whl", hash = "sha256:93b16b08f94c92cab88073ffd185070cdcb29f1b98df8b28e6649145b7f2c90d"},
    {file = "coverage-6.3.3-cp37-cp37m-musllinux_1_1_i686.whl", hash = "sha256:fbc86ae8cc129c801e7baaafe3addf3c8d49c9c1597c44bdf2d78139707c3c62"},
    {file = "coverage-6.3.3-cp37-cp37m-musllinux_1_1_x86_64.whl", hash = "sha256:b5ba058610e8289a07db2a57bce45a1793ec0d3d11db28c047aae2aa1a832572"},
    {file = "coverage-6.3.3-cp37-cp37m-win32.whl", hash = "sha256:8329635c0781927a2c6ae068461e19674c564e05b86736ab8eb29c420ee7dc20"},
    {file = "coverage-6.3.3-cp37-cp37m-win_amd64.whl", hash = "sha256:e5af1feee71099ae2e3b086ec04f57f9950e1be9ecf6c420696fea7977b84738"},
    {file = "coverage-6.3.3-cp38-cp38-macosx_10_9_x86_64.whl", hash = "sha256:e814a4a5a1d95223b08cdb0f4f57029e8eab22ffdbae2f97107aeef28554517e"},
    {file = "coverage-6.3.3-cp38-cp38-macosx_11_0_arm64.whl", hash = "sha256:61f4fbf3633cb0713437291b8848634ea97f89c7e849c2be17a665611e433f53"},
    {file = "coverage-6.3.3-cp38-cp38-manylinux_2_17_aarch64.manylinux2014_aarch64.whl", hash = "sha256:3401b0d2ed9f726fadbfa35102e00d1b3547b73772a1de5508ef3bdbcb36afe7"},
    {file = "coverage-6.3.3-cp38-cp38-manylinux_2_5_i686.manylinux1_i686.manylinux_2_17_i686.manylinux2014_i686.whl", hash = "sha256:8586b177b4407f988731eb7f41967415b2197f35e2a6ee1a9b9b561f6323c8e9"},
    {file = "coverage-6.3.3-cp38-cp38-manylinux_2_5_x86_64.manylinux1_x86_64.manylinux_2_17_x86_64.manylinux2014_x86_64.whl", hash = "sha256:892e7fe32191960da559a14536768a62e83e87bbb867e1b9c643e7e0fbce2579"},
    {file = "coverage-6.3.3-cp38-cp38-musllinux_1_1_aarch64.whl", hash = "sha256:afb03f981fadb5aed1ac6e3dd34f0488e1a0875623d557b6fad09b97a942b38a"},
    {file = "coverage-6.3.3-cp38-cp38-musllinux_1_1_i686.whl", hash = "sha256:cbe91bc84be4e5ef0b1480d15c7b18e29c73bdfa33e07d3725da7d18e1b0aff2"},
    {file = "coverage-6.3.3-cp38-cp38-musllinux_1_1_x86_64.whl", hash = "sha256:91502bf27cbd5c83c95cfea291ef387469f2387508645602e1ca0fd8a4ba7548"},
    {file = "coverage-6.3.3-cp38-cp38-win32.whl", hash = "sha256:c488db059848702aff30aa1d90ef87928d4e72e4f00717343800546fdbff0a94"},
    {file = "coverage-6.3.3-cp38-cp38-win_amd64.whl", hash = "sha256:ceb6534fcdfb5c503affb6b1130db7b5bfc8a0f77fa34880146f7a5c117987d0"},
    {file = "coverage-6.3.3-cp39-cp39-macosx_10_9_x86_64.whl", hash = "sha256:cc692c9ee18f0dd3214843779ba6b275ee4bb9b9a5745ba64265bce911aefd1a"},
    {file = "coverage-6.3.3-cp39-cp39-macosx_11_0_arm64.whl", hash = "sha256:462105283de203df8de58a68c1bb4ba2a8a164097c2379f664fa81d6baf94b81"},
    {file = "coverage-6.3.3-cp39-cp39-manylinux_2_17_aarch64.manylinux2014_aarch64.whl", hash = "sha256:cc972d829ad5ef4d4c5fcabd2bbe2add84ce8236f64ba1c0c72185da3a273130"},
    {file = "coverage-6.3.3-cp39-cp39-manylinux_2_5_i686.manylinux1_i686.manylinux_2_17_i686.manylinux2014_i686.whl", hash = "sha256:06f54765cdbce99901871d50fe9f41d58213f18e98b170a30ca34f47de7dd5e8"},
    {file = "coverage-6.3.3-cp39-cp39-manylinux_2_5_x86_64.manylinux1_x86_64.manylinux_2_17_x86_64.manylinux2014_x86_64.whl", hash = "sha256:7835f76a081787f0ca62a53504361b3869840a1620049b56d803a8cb3a9eeea3"},
    {file = "coverage-6.3.3-cp39-cp39-musllinux_1_1_aarch64.whl", hash = "sha256:6f5fee77ec3384b934797f1873758f796dfb4f167e1296dc00f8b2e023ce6ee9"},
    {file = "coverage-6.3.3-cp39-cp39-musllinux_1_1_i686.whl", hash = "sha256:baa8be8aba3dd1e976e68677be68a960a633a6d44c325757aefaa4d66175050f"},
    {file = "coverage-6.3.3-cp39-cp39-musllinux_1_1_x86_64.whl", hash = "sha256:4d06380e777dd6b35ee936f333d55b53dc4a8271036ff884c909cf6e94be8b6c"},
    {file = "coverage-6.3.3-cp39-cp39-win32.whl", hash = "sha256:f8cabc5fd0091976ab7b020f5708335033e422de25e20ddf9416bdce2b7e07d8"},
    {file = "coverage-6.3.3-cp39-cp39-win_amd64.whl", hash = "sha256:9c9441d57b0963cf8340268ad62fc83de61f1613034b79c2b1053046af0c5284"},
    {file = "coverage-6.3.3-pp36.pp37.pp38-none-any.whl", hash = "sha256:d522f1dc49127eab0bfbba4e90fa068ecff0899bbf61bf4065c790ddd6c177fe"},
    {file = "coverage-6.3.3.tar.gz", hash = "sha256:2781c43bffbbec2b8867376d4d61916f5e9c4cc168232528562a61d1b4b01879"},
]
cx-oracle = [
    {file = "cx_Oracle-8.3.0-cp310-cp310-manylinux_2_5_x86_64.manylinux1_x86_64.manylinux_2_12_x86_64.manylinux2010_x86_64.whl", hash = "sha256:b6a23da225f03f50a81980c61dbd6a358c3575f212ca7f4c22bb65a9faf94f7f"},
    {file = "cx_Oracle-8.3.0-cp310-cp310-win32.whl", hash = "sha256:715a8bbda5982af484ded14d184304cc552c1096c82471dd2948298470e88a04"},
    {file = "cx_Oracle-8.3.0-cp310-cp310-win_amd64.whl", hash = "sha256:07f01608dfb6603a8f2a868fc7c7bdc951480f187df8dbc50f4d48c884874e6a"},
    {file = "cx_Oracle-8.3.0-cp36-cp36m-manylinux_2_5_x86_64.manylinux1_x86_64.manylinux_2_12_x86_64.manylinux2010_x86_64.whl", hash = "sha256:4b3afe7a911cebaceda908228d36839f6441cbd38e5df491ec25960562bb01a0"},
    {file = "cx_Oracle-8.3.0-cp36-cp36m-win32.whl", hash = "sha256:076ffb71279d6b2dcbf7df028f62a01e18ce5bb73d8b01eab582bf14a62f4a61"},
    {file = "cx_Oracle-8.3.0-cp36-cp36m-win_amd64.whl", hash = "sha256:b82e4b165ffd807a2bd256259a6b81b0a2452883d39f987509e2292d494ea163"},
    {file = "cx_Oracle-8.3.0-cp37-cp37m-manylinux_2_5_x86_64.manylinux1_x86_64.manylinux_2_12_x86_64.manylinux2010_x86_64.whl", hash = "sha256:b902db61dcdcbbf8dd981f5a46d72fef40c5150c7fc0eb0f0698b462d6eb834e"},
    {file = "cx_Oracle-8.3.0-cp37-cp37m-win32.whl", hash = "sha256:4c82ca74442c298ceec56d207450c192e06ecf8ad52eb4aaad0812e147ceabf7"},
    {file = "cx_Oracle-8.3.0-cp37-cp37m-win_amd64.whl", hash = "sha256:54164974d526b76fdefb0b66a42b68e1fca5df78713d0eeb8c1d0047b83f6bcf"},
    {file = "cx_Oracle-8.3.0-cp38-cp38-manylinux_2_5_x86_64.manylinux1_x86_64.manylinux_2_12_x86_64.manylinux2010_x86_64.whl", hash = "sha256:410747d542e5f94727f5f0e42e9706c772cf9094fb348ce965ab88b3a9e4d2d8"},
    {file = "cx_Oracle-8.3.0-cp38-cp38-win32.whl", hash = "sha256:3baa878597c5fadb2c72f359f548431c7be001e722ce4a4ebdf3d2293a1bb70b"},
    {file = "cx_Oracle-8.3.0-cp38-cp38-win_amd64.whl", hash = "sha256:de42bdc882abdc5cea54597da27a05593b44143728e5b629ad5d35decb1a2036"},
    {file = "cx_Oracle-8.3.0-cp39-cp39-manylinux_2_5_x86_64.manylinux1_x86_64.manylinux_2_12_x86_64.manylinux2010_x86_64.whl", hash = "sha256:df412238a9948340591beee9ec64fa62a2efacc0d91107034a7023e2991fba97"},
    {file = "cx_Oracle-8.3.0-cp39-cp39-win32.whl", hash = "sha256:70d3cf030aefd71f99b45beba77237b2af448adf5e26be0db3d0d3dee6ea4230"},
    {file = "cx_Oracle-8.3.0-cp39-cp39-win_amd64.whl", hash = "sha256:bf01ce87edb4ef663b2e5bd604e1e0154d2cc2f12b60301f788b569d9db8a900"},
    {file = "cx_Oracle-8.3.0.tar.gz", hash = "sha256:3b2d215af4441463c97ea469b9cc307460739f89fdfa8ea222ea3518f1a424d9"},
]
importlib-metadata = [
    {file = "importlib_metadata-4.11.3-py3-none-any.whl", hash = "sha256:1208431ca90a8cca1a6b8af391bb53c1a2db74e5d1cef6ddced95d4b2062edc6"},
    {file = "importlib_metadata-4.11.3.tar.gz", hash = "sha256:ea4c597ebf37142f827b8f39299579e31685c31d3a438b59f469406afd0f2539"},
]
iniconfig = [
    {file = "iniconfig-1.1.1-py2.py3-none-any.whl", hash = "sha256:011e24c64b7f47f6ebd835bb12a743f2fbe9a26d4cecaa7f53bc4f35ee9da8b3"},
    {file = "iniconfig-1.1.1.tar.gz", hash = "sha256:bc3af051d7d14b2ee5ef9969666def0cd1a000e121eaea580d4a313df4b37f32"},
]
mysql-connector-python = [
    {file = "mysql-connector-python-8.0.29.tar.gz", hash = "sha256:29ec05ded856b4da4e47239f38489c03b31673ae0f46a090d0e4e29c670e6181"},
    {file = "mysql_connector_python-8.0.29-cp310-cp310-macosx_11_0_x86_64.whl", hash = "sha256:bed43ea3a11f8d4e7c2e3f20c891214e68b45451314f91fddf9ca701de7a53ac"},
    {file = "mysql_connector_python-8.0.29-cp310-cp310-manylinux1_i686.whl", hash = "sha256:6e2267ad75b37b5e1c480cde77cdc4f795427a54266ead30aabcdbf75ac70064"},
    {file = "mysql_connector_python-8.0.29-cp310-cp310-manylinux1_x86_64.whl", hash = "sha256:d5afb766b379111942d4260f29499f93355823c7241926471d843c9281fe477c"},
    {file = "mysql_connector_python-8.0.29-cp310-cp310-win_amd64.whl", hash = "sha256:4de5959e27038cbd11dfccb1afaa2fd258c013e59d3e15709dd1992086103050"},
    {file = "mysql_connector_python-8.0.29-cp37-cp37m-macosx_11_0_x86_64.whl", hash = "sha256:895135cde57622edf48e1fce3beb4ed85f18332430d48f5c1d9630d49f7712b0"},
    {file = "mysql_connector_python-8.0.29-cp37-cp37m-manylinux1_i686.whl", hash = "sha256:fdd262d8538aa504475f8860cfda939a297d3b213c8d15f7ceed52508aeb2aa3"},
    {file = "mysql_connector_python-8.0.29-cp37-cp37m-manylinux1_x86_64.whl", hash = "sha256:89597c091c4f25b6e023cbbcd32be73affbb0b44256761fe3b8e1d4b14d14d02"},
    {file = "mysql_connector_python-8.0.29-cp37-cp37m-win_amd64.whl", hash = "sha256:ab0e9d9b5fc114b78dfa9c74e8bfa30b48fcfa17dbb9241ad6faada08a589900"},
    {file = "mysql_connector_python-8.0.29-cp38-cp38-macosx_11_0_x86_64.whl", hash = "sha256:245087999f081b389d66621f2abfe2463e3927f63c7c4c0f70ce0f82786ccb93"},
    {file = "mysql_connector_python-8.0.29-cp38-cp38-manylinux1_i686.whl", hash = "sha256:5eef51e48b22aadd633563bbdaf02112d98d954a4ead53f72fde283ea3f88152"},
    {file = "mysql_connector_python-8.0.29-cp38-cp38-manylinux1_x86_64.whl", hash = "sha256:b7dccd7f72f19c97b58428ebf8e709e24eb7e9b67a408af7e77b60efde44bea4"},
    {file = "mysql_connector_python-8.0.29-cp38-cp38-win_amd64.whl", hash = "sha256:7be3aeff73b85eab3af2a1e80c053a98cbcb99e142192e551ebd4c1e41ce2596"},
    {file = "mysql_connector_python-8.0.29-cp39-cp39-macosx_11_0_x86_64.whl", hash = "sha256:a7fd6a71df824f5a7d9a94060598d67b3a32eeccdc9837ee2cd98a44e2536cae"},
    {file = "mysql_connector_python-8.0.29-cp39-cp39-manylinux1_i686.whl", hash = "sha256:fd608c288f596c4c8767d9a8e90f129385bd19ee6e3adaf6974ad8012c6138b8"},
    {file = "mysql_connector_python-8.0.29-cp39-cp39-manylinux1_x86_64.whl", hash = "sha256:f353893481476a537cca7afd4e81e0ed84dd2173932b7f1721ab3e3351cbf324"},
    {file = "mysql_connector_python-8.0.29-cp39-cp39-win_amd64.whl", hash = "sha256:1bef2a4a2b529c6e9c46414100ab7032c252244e8a9e017d2b6a41bb9cea9312"},
    {file = "mysql_connector_python-8.0.29-py2.py3-none-any.whl", hash = "sha256:047420715bbb51d3cba78de446c8a6db4666459cd23e168568009c620a3f5b90"},
]
packaging = [
    {file = "packaging-21.3-py3-none-any.whl", hash = "sha256:ef103e05f519cdc783ae24ea4e2e0f508a9c99b2d4969652eed6a2e1ea5bd522"},
    {file = "packaging-21.3.tar.gz", hash = "sha256:dd47c42927d89ab911e606518907cc2d3a1f38bbd026385970643f9c5b8ecfeb"},
]
pluggy = [
    {file = "pluggy-1.0.0-py2.py3-none-any.whl", hash = "sha256:74134bbf457f031a36d68416e1509f34bd5ccc019f0bcc952c7b909d06b37bd3"},
    {file = "pluggy-1.0.0.tar.gz", hash = "sha256:4224373bacce55f955a878bf9cfa763c1e360858e330072059e10bad68531159"},
]
protobuf = [
    {file = "protobuf-3.20.2-cp310-cp310-macosx_10_9_universal2.whl", hash = "sha256:9f876a69ca55aed879b43c295a328970306e8e80a263ec91cf6e9189243c613b"},
    {file = "protobuf-3.20.2-cp310-cp310-manylinux2014_aarch64.whl", hash = "sha256:09e25909c4297d71d97612f04f41cea8fa8510096864f2835ad2f3b3df5a5559"},
    {file = "protobuf-3.20.2-cp310-cp310-manylinux_2_12_x86_64.manylinux2010_x86_64.whl", hash = "sha256:e8fbc522303e09036c752a0afcc5c0603e917222d8bedc02813fd73b4b4ed804"},
    {file = "protobuf-3.20.2-cp310-cp310-win32.whl", hash = "sha256:84a1544252a933ef07bb0b5ef13afe7c36232a774affa673fc3636f7cee1db6c"},
    {file = "protobuf-3.20.2-cp310-cp310-win_amd64.whl", hash = "sha256:2c0b040d0b5d5d207936ca2d02f00f765906622c07d3fa19c23a16a8ca71873f"},
    {file = "protobuf-3.20.2-cp36-cp36m-manylinux_2_5_x86_64.manylinux1_x86_64.whl", hash = "sha256:3cb608e5a0eb61b8e00fe641d9f0282cd0eedb603be372f91f163cbfbca0ded0"},
    {file = "protobuf-3.20.2-cp37-cp37m-macosx_10_9_x86_64.whl", hash = "sha256:84fe5953b18a383fd4495d375fe16e1e55e0a3afe7b4f7b4d01a3a0649fcda9d"},
    {file = "protobuf-3.20.2-cp37-cp37m-manylinux2014_aarch64.whl", hash = "sha256:384164994727f274cc34b8abd41a9e7e0562801361ee77437099ff6dfedd024b"},
    {file = "protobuf-3.20.2-cp37-cp37m-manylinux_2_5_x86_64.manylinux1_x86_64.whl", hash = "sha256:e39cf61bb8582bda88cdfebc0db163b774e7e03364bbf9ce1ead13863e81e359"},
    {file = "protobuf-3.20.2-cp37-cp37m-win32.whl", hash = "sha256:18e34a10ae10d458b027d7638a599c964b030c1739ebd035a1dfc0e22baa3bfe"},
    {file = "protobuf-3.20.2-cp37-cp37m-win_amd64.whl", hash = "sha256:8228e56a865c27163d5d1d1771d94b98194aa6917bcfb6ce139cbfa8e3c27334"},
    {file = "protobuf-3.20.2-cp38-cp38-macosx_10_9_x86_64.whl", hash = "sha256:03d76b7bd42ac4a6e109742a4edf81ffe26ffd87c5993126d894fe48a120396a"},
    {file = "protobuf-3.20.2-cp38-cp38-manylinux2014_aarch64.whl", hash = "sha256:f52dabc96ca99ebd2169dadbe018824ebda08a795c7684a0b7d203a290f3adb0"},
    {file = "protobuf-3.20.2-cp38-cp38-manylinux_2_5_x86_64.manylinux1_x86_64.whl", hash = "sha256:f34464ab1207114e73bba0794d1257c150a2b89b7a9faf504e00af7c9fd58978"},
    {file = "protobuf-3.20.2-cp38-cp38-win32.whl", hash = "sha256:5d9402bf27d11e37801d1743eada54372f986a372ec9679673bfcc5c60441151"},
    {file = "protobuf-3.20.2-cp38-cp38-win_amd64.whl", hash = "sha256:9c673c8bfdf52f903081816b9e0e612186684f4eb4c17eeb729133022d6032e3"},
    {file = "protobuf-3.20.2-cp39-cp39-macosx_10_9_x86_64.whl", hash = "sha256:291fb4307094bf5ccc29f424b42268640e00d5240bf0d9b86bf3079f7576474d"},
    {file = "protobuf-3.20.2-cp39-cp39-manylinux2014_aarch64.whl", hash = "sha256:b4fdb29c5a7406e3f7ef176b2a7079baa68b5b854f364c21abe327bbeec01cdb"},
    {file = "protobuf-3.20.2-cp39-cp39-manylinux_2_5_x86_64.manylinux1_x86_64.whl", hash = "sha256:7a5037af4e76c975b88c3becdf53922b5ffa3f2cddf657574a4920a3b33b80f3"},
    {file = "protobuf-3.20.2-cp39-cp39-win32.whl", hash = "sha256:a9e5ae5a8e8985c67e8944c23035a0dff2c26b0f5070b2f55b217a1c33bbe8b1"},
    {file = "protobuf-3.20.2-cp39-cp39-win_amd64.whl", hash = "sha256:c184485e0dfba4dfd451c3bd348c2e685d6523543a0f91b9fd4ae90eb09e8422"},
    {file = "protobuf-3.20.2-py2.py3-none-any.whl", hash = "sha256:c9cdf251c582c16fd6a9f5e95836c90828d51b0069ad22f463761d27c6c19019"},
    {file = "protobuf-3.20.2.tar.gz", hash = "sha256:712dca319eee507a1e7df3591e639a2b112a2f4a62d40fe7832a16fd19151750"},
]
psycopg2 = [
    {file = "psycopg2-2.9.3-cp310-cp310-win32.whl", hash = "sha256:083707a696e5e1c330af2508d8fab36f9700b26621ccbcb538abe22e15485362"},
    {file = "psycopg2-2.9.3-cp310-cp310-win_amd64.whl", hash = "sha256:d3ca6421b942f60c008f81a3541e8faf6865a28d5a9b48544b0ee4f40cac7fca"},
    {file = "psycopg2-2.9.3-cp36-cp36m-win32.whl", hash = "sha256:9572e08b50aed176ef6d66f15a21d823bb6f6d23152d35e8451d7d2d18fdac56"},
    {file = "psycopg2-2.9.3-cp36-cp36m-win_amd64.whl", hash = "sha256:a81e3866f99382dfe8c15a151f1ca5fde5815fde879348fe5a9884a7c092a305"},
    {file = "psycopg2-2.9.3-cp37-cp37m-win32.whl", hash = "sha256:cb10d44e6694d763fa1078a26f7f6137d69f555a78ec85dc2ef716c37447e4b2"},
    {file = "psycopg2-2.9.3-cp37-cp37m-win_amd64.whl", hash = "sha256:4295093a6ae3434d33ec6baab4ca5512a5082cc43c0505293087b8a46d108461"},
    {file = "psycopg2-2.9.3-cp38-cp38-win32.whl", hash = "sha256:34b33e0162cfcaad151f249c2649fd1030010c16f4bbc40a604c1cb77173dcf7"},
    {file = "psycopg2-2.9.3-cp38-cp38-win_amd64.whl", hash = "sha256:0762c27d018edbcb2d34d51596e4346c983bd27c330218c56c4dc25ef7e819bf"},
    {file = "psycopg2-2.9.3-cp39-cp39-win32.whl", hash = "sha256:8cf3878353cc04b053822896bc4922b194792df9df2f1ad8da01fb3043602126"},
    {file = "psycopg2-2.9.3-cp39-cp39-win_amd64.whl", hash = "sha256:06f32425949bd5fe8f625c49f17ebb9784e1e4fe928b7cce72edc36fb68e4c0c"},
    {file = "psycopg2-2.9.3.tar.gz", hash = "sha256:8e841d1bf3434da985cc5ef13e6f75c8981ced601fd70cc6bf33351b91562981"},
]
py = [
    {file = "py-1.11.0-py2.py3-none-any.whl", hash = "sha256:607c53218732647dff4acdfcd50cb62615cedf612e72d1724fb1a0cc6405b378"},
    {file = "py-1.11.0.tar.gz", hash = "sha256:51c75c4126074b472f746a24399ad32f6053d1b34b68d2fa41e558e6f4a98719"},
]
pymssql = [
    {file = "pymssql-2.2.5-cp310-cp310-macosx_10_15_x86_64.whl", hash = "sha256:6462017183f05ae231c3f84efce4e9a8d085b4a2e9e3ed5c407ee643494a0842"},
    {file = "pymssql-2.2.5-cp310-cp310-manylinux_2_12_i686.manylinux2010_i686.whl", hash = "sha256:6a013c82f7320c92039ac20db935e897a3fcd7423435705cef177f863dbb32e4"},
    {file = "pymssql-2.2.5-cp310-cp310-manylinux_2_12_x86_64.manylinux2010_x86_64.whl", hash = "sha256:45e9bba4870103363c865d2b867de8de082745dd753083f27927ded3d15df587"},
    {file = "pymssql-2.2.5-cp310-cp310-manylinux_2_17_i686.manylinux2014_i686.whl", hash = "sha256:20de2f718f3c99040637a0e7d3b81f22e62211bcac01fb65641b964e70f26e20"},
    {file = "pymssql-2.2.5-cp310-cp310-manylinux_2_17_x86_64.manylinux2014_x86_64.whl", hash = "sha256:18eb4fcb55b67aaa2811e124eb8750fd84eeba1668a695908c6cc13682f6be5d"},
    {file = "pymssql-2.2.5-cp310-cp310-manylinux_2_24_i686.whl", hash = "sha256:9969971117401096a8a7c1e08d84ea3d5d3f598ee482822583a44e2e6d3791d0"},
    {file = "pymssql-2.2.5-cp310-cp310-manylinux_2_24_x86_64.whl", hash = "sha256:bb858c8a64990dd0145d874ef01af4b6fe39e9202ee0a74a8dff8285b801db21"},
    {file = "pymssql-2.2.5-cp310-cp310-win32.whl", hash = "sha256:da78a94908d42aa0f8af1b917c49c4dea38273035f81ea168b095e0b3ba8e486"},
    {file = "pymssql-2.2.5-cp310-cp310-win_amd64.whl", hash = "sha256:b691779a450ebbbb98cd2ad89ae9f17799b0bf0c9dd2e65b316efcc74246716e"},
    {file = "pymssql-2.2.5-cp36-cp36m-manylinux_2_12_i686.manylinux2010_i686.whl", hash = "sha256:92262bf5d21b6d80e887d6fd0f03ab6337dad39b642b1887416cc67b1bd04cbf"},
    {file = "pymssql-2.2.5-cp36-cp36m-manylinux_2_12_x86_64.manylinux2010_x86_64.whl", hash = "sha256:00f5b7e22bf7eb0faa5c6693e02c00f10ecc89fe505bbe84d553352681c2a749"},
    {file = "pymssql-2.2.5-cp36-cp36m-manylinux_2_17_i686.manylinux2014_i686.whl", hash = "sha256:ac80d1d11703120b986c604ddf4993c3dcbcbe907b04e34729c5aae2891399c0"},
    {file = "pymssql-2.2.5-cp36-cp36m-manylinux_2_17_x86_64.manylinux2014_x86_64.whl", hash = "sha256:6bf813ea0e4a0bfbb53a3469125eed06635222ea729339403585fd45f18a7812"},
    {file = "pymssql-2.2.5-cp36-cp36m-manylinux_2_24_i686.whl", hash = "sha256:73b747261cdf8d69395823cf650cf143d618ada412cbec90a88e4d449e7fa7f8"},
    {file = "pymssql-2.2.5-cp36-cp36m-manylinux_2_24_x86_64.whl", hash = "sha256:ce9e7ed16793c72d28e80506abd59a06b594fc55fe24f6256b7007b5b5e26120"},
    {file = "pymssql-2.2.5-cp36-cp36m-manylinux_2_5_i686.manylinux1_i686.whl", hash = "sha256:b5dcb4e4ceb16592a5d9ea3868162f21e7c215dde5c5e7f992709696c84a69b0"},
    {file = "pymssql-2.2.5-cp36-cp36m-manylinux_2_5_x86_64.manylinux1_x86_64.whl", hash = "sha256:9c90bc134a0c5c60e9acf651d87275c7e6dc6682981f62d574fa3dd441acb0f2"},
    {file = "pymssql-2.2.5-cp37-cp37m-macosx_10_14_x86_64.whl", hash = "sha256:29d647ef61641cebc0e16d4a549b3f793f32bab88e7ba7c7550772a7aba9dea3"},
    {file = "pymssql-2.2.5-cp37-cp37m-manylinux_2_12_i686.manylinux2010_i686.whl", hash = "sha256:633079e248cdefef2207c0a55608637d0f3410f53e5679c589b37ea7965a2cca"},
    {file = "pymssql-2.2.5-cp37-cp37m-manylinux_2_12_x86_64.manylinux2010_x86_64.whl", hash = "sha256:e373764cc81719f830b113ce6fee6849f2c4e5dfe1037804864b7dfb9946817e"},
    {file = "pymssql-2.2.5-cp37-cp37m-manylinux_2_17_i686.manylinux2014_i686.whl", hash = "sha256:3b47c05da0fffd6dd77141c1c37975a8469334f63e6faf03f5eab6d83c9001cc"},
    {file = "pymssql-2.2.5-cp37-cp37m-manylinux_2_17_x86_64.manylinux2014_x86_64.whl", hash = "sha256:fc245011aad9c018105193585469461c35fb35e7255b8e66fa27479f835742aa"},
    {file = "pymssql-2.2.5-cp37-cp37m-manylinux_2_24_i686.whl", hash = "sha256:72bbccdaf4938db7ff99db1f82ecdf6dc78778d8b7bbe6080590dd01024988de"},
    {file = "pymssql-2.2.5-cp37-cp37m-manylinux_2_24_x86_64.whl", hash = "sha256:395ec9e512a8d5b707aea8f516eebf51291b6fb6bc18fe4da88b222843bd4d46"},
    {file = "pymssql-2.2.5-cp37-cp37m-manylinux_2_5_i686.manylinux1_i686.whl", hash = "sha256:6bb912b4681d55dce63f940becb7f4533661cfdb99cd6cd3daa7d7b5e285e977"},
    {file = "pymssql-2.2.5-cp37-cp37m-manylinux_2_5_x86_64.manylinux1_x86_64.whl", hash = "sha256:14dee37da84653d1e483236d51bc0545e6442e0642ee362526db6599fd3c1733"},
    {file = "pymssql-2.2.5-cp37-cp37m-win32.whl", hash = "sha256:5e2cd5a6da441aa3e8ee13e8811f884791d77a4cb17028381543bf50d010c919"},
    {file = "pymssql-2.2.5-cp37-cp37m-win_amd64.whl", hash = "sha256:ba43efd1057018ab404c8603bbce643347b9165c08364df8a8c03d54dffc4453"},
    {file = "pymssql-2.2.5-cp38-cp38-macosx_10_14_x86_64.whl", hash = "sha256:ac8d6b7e0dc97a9261b7500f086772ff5cf2bf9a0340d0aaee4dff5b217dd526"},
    {file = "pymssql-2.2.5-cp38-cp38-manylinux_2_12_i686.manylinux2010_i686.whl", hash = "sha256:ed7c5e58cd0ffcf3448cc38dfd2a6011f657759fcae9509748320cd89a0b8d32"},
    {file = "pymssql-2.2.5-cp38-cp38-manylinux_2_12_x86_64.manylinux2010_x86_64.whl", hash = "sha256:30c4ab08cff619c7fe4d309fa6a05219b343082a1f46ca368deab5841632b8bf"},
    {file = "pymssql-2.2.5-cp38-cp38-manylinux_2_17_i686.manylinux2014_i686.whl", hash = "sha256:49806c343a6dea5221e98cabed1532fdd14535c5e5bb183001e0ffad31e11032"},
    {file = "pymssql-2.2.5-cp38-cp38-manylinux_2_17_x86_64.manylinux2014_x86_64.whl", hash = "sha256:15cc71762ec75a66bcb3751c2534ba4151b8512252b0377b842efec7cae6d953"},
    {file = "pymssql-2.2.5-cp38-cp38-manylinux_2_24_i686.whl", hash = "sha256:e42c7043c472d45db686ae67601c6680596a2f12ceaa99fb136e647d3d8cd643"},
    {file = "pymssql-2.2.5-cp38-cp38-manylinux_2_24_x86_64.whl", hash = "sha256:c738d51181ab4b3332631644ef7b561543837d1d942a291f8bc36a9e2dfb65db"},
    {file = "pymssql-2.2.5-cp38-cp38-manylinux_2_5_i686.manylinux1_i686.whl", hash = "sha256:e33770ad113a646a45e4fc75f30683e92c9b929431e12977f824d6c810f28162"},
    {file = "pymssql-2.2.5-cp38-cp38-manylinux_2_5_x86_64.manylinux1_x86_64.whl", hash = "sha256:8c5ad8d09f9035009ccb6f20bc9829ef60c03c436efb4b5c33af395c4030ea3d"},
    {file = "pymssql-2.2.5-cp38-cp38-win32.whl", hash = "sha256:c0611a3ea2a7ac496df30506fd28e4f7389808c59743b2eac0069e89af7289b8"},
    {file = "pymssql-2.2.5-cp38-cp38-win_amd64.whl", hash = "sha256:45c1519c94f9915911075c95fc63d62ba612e152248093aa12b7e902499c6416"},
    {file = "pymssql-2.2.5-cp39-cp39-macosx_10_15_x86_64.whl", hash = "sha256:1089cd5871daedc9918f8958605bbd2621006c29c06b571b419be53ea46c113a"},
    {file = "pymssql-2.2.5-cp39-cp39-manylinux_2_12_i686.manylinux2010_i686.whl", hash = "sha256:8ac2b3213462f078671806702dfadb8e459923f0f5013d371febebf4caf598ba"},
    {file = "pymssql-2.2.5-cp39-cp39-manylinux_2_12_x86_64.manylinux2010_x86_64.whl", hash = "sha256:9b707e5867bb49ad9d8945231112dfa3e9588b98f6f1248714d1f1af88321230"},
    {file = "pymssql-2.2.5-cp39-cp39-manylinux_2_17_i686.manylinux2014_i686.whl", hash = "sha256:538a8e7ce255cabf093b25b72f8037b1d5fd3ba28b13a34c761a029840dc1880"},
    {file = "pymssql-2.2.5-cp39-cp39-manylinux_2_17_x86_64.manylinux2014_x86_64.whl", hash = "sha256:5b9f5ec7896fd2f19393cd564d8ef562b26692218a84088ce1b10e9fe1215032"},
    {file = "pymssql-2.2.5-cp39-cp39-manylinux_2_24_i686.whl", hash = "sha256:6086f0b695b7ceb4603cdc2f66356a58e367a3f1828d1ca99255c4d92d1f0932"},
    {file = "pymssql-2.2.5-cp39-cp39-manylinux_2_24_x86_64.whl", hash = "sha256:e0b1bcb8465d787d5141bfc02d98e1e507d02155848b1b5622528402760f5dbf"},
    {file = "pymssql-2.2.5-cp39-cp39-manylinux_2_5_i686.manylinux1_i686.whl", hash = "sha256:ebb7867207cf4cd497ea1d01b42590ed1db3561ef3ab8e135239301b6ee2695e"},
    {file = "pymssql-2.2.5-cp39-cp39-manylinux_2_5_x86_64.manylinux1_x86_64.whl", hash = "sha256:8b32ad436f293c8cbadc1ba3aaf2621ab82303d169b1ab6f30f55053640ab5b1"},
    {file = "pymssql-2.2.5-cp39-cp39-win32.whl", hash = "sha256:cc523bfd26671346faccb1273b16a74dcdf1a8ac81c93c6bfebdb240e4d5a042"},
    {file = "pymssql-2.2.5-cp39-cp39-win_amd64.whl", hash = "sha256:e9cce9c47e6d550992936f91f8f2e97a8f5132749bad1cd4f5f7923bf8732d1f"},
    {file = "pymssql-2.2.5.tar.gz", hash = "sha256:857411c308ecb584a3ca633be30f1971d2a8cc0bcd978709b1abf96ff43767ad"},
]
pyparsing = [
    {file = "pyparsing-3.0.9-py3-none-any.whl", hash = "sha256:5026bae9a10eeaefb61dab2f09052b9f4307d44aee4eda64b309723d8d206bbc"},
    {file = "pyparsing-3.0.9.tar.gz", hash = "sha256:2b020ecf7d21b687f219b71ecad3631f644a47f01403fa1d1036b0c6416d70fb"},
]
pytest = [
    {file = "pytest-7.1.2-py3-none-any.whl", hash = "sha256:13d0e3ccfc2b6e26be000cb6568c832ba67ba32e719443bfe725814d3c42433c"},
    {file = "pytest-7.1.2.tar.gz", hash = "sha256:a06a0425453864a270bc45e71f783330a7428defb4230fb5e6a731fde06ecd45"},
]
pytest-cov = [
    {file = "pytest-cov-3.0.0.tar.gz", hash = "sha256:e7f0f5b1617d2210a2cabc266dfe2f4c75a8d32fb89eafb7ad9d06f6d076d470"},
    {file = "pytest_cov-3.0.0-py3-none-any.whl", hash = "sha256:578d5d15ac4a25e5f961c938b85a05b09fdaae9deef3bb6de9a6e766622ca7a6"},
]
tablib = [
    {file = "tablib-3.2.1-py3-none-any.whl", hash = "sha256:870d7e688f738531a14937a055e8bba404fbc388e77d4d500b2c904075d1019c"},
    {file = "tablib-3.2.1.tar.gz", hash = "sha256:a57f2770b8c225febec1cb1e65012a69cf30dd28be810e0ff98d024768c7d0f1"},
]
tomli = [
    {file = "tomli-2.0.1-py3-none-any.whl", hash = "sha256:939de3e7a6161af0c887ef91b7d41a53e7c5a1ca976325f429cb46ea9bc30ecc"},
    {file = "tomli-2.0.1.tar.gz", hash = "sha256:de526c12914f0c550d15924c62d72abc48d6fe7364aa87328337a31007fe8a4f"},
]
typing-extensions = [
    {file = "typing_extensions-4.2.0-py3-none-any.whl", hash = "sha256:6657594ee297170d19f67d55c05852a874e7eb634f4f753dbd667855e07c1708"},
    {file = "typing_extensions-4.2.0.tar.gz", hash = "sha256:f1c24655a0da0d1b67f07e17a5e6b2a105894e6824b92096378bb3668ef02376"},
]
zipp = [
    {file = "zipp-3.8.0-py3-none-any.whl", hash = "sha256:c4f6e5bbf48e74f7a38e7cc5b0480ff42b0ae5178957d564d18932525d5cf099"},
    {file = "zipp-3.8.0.tar.gz", hash = "sha256:56bf8aadb83c24db6c4b577e13de374ccfb67da2078beba1d037c17980bf43ad"},
]
