[[package]]
name = "attrs"
version = "22.1.0"
description = "Classes Without Boilerplate"
category = "dev"
optional = false
python-versions = ">=3.5"

[package.extras]
dev = ["cloudpickle", "coverage[toml] (>=5.0.2)", "furo", "hypothesis", "mypy (>=0.900,!=0.940)", "pre-commit", "pympler", "pytest (>=4.3.0)", "pytest-mypy-plugins", "sphinx", "sphinx-notfound-page", "zope.interface"]
docs = ["furo", "sphinx", "sphinx-notfound-page", "zope.interface"]
tests = ["cloudpickle", "coverage[toml] (>=5.0.2)", "hypothesis", "mypy (>=0.900,!=0.940)", "pympler", "pytest (>=4.3.0)", "pytest-mypy-plugins", "zope.interface"]
tests_no_zope = ["cloudpickle", "coverage[toml] (>=5.0.2)", "hypothesis", "mypy (>=0.900,!=0.940)", "pympler", "pytest (>=4.3.0)", "pytest-mypy-plugins"]

[[package]]
name = "colorama"
version = "0.4.5"
description = "Cross-platform colored terminal text."
category = "dev"
optional = false
python-versions = ">=2.7, !=3.0.*, !=3.1.*, !=3.2.*, !=3.3.*, !=3.4.*"

[[package]]
name = "coverage"
version = "6.5.0"
description = "Code coverage measurement for Python"
category = "dev"
optional = false
python-versions = ">=3.7"

[package.dependencies]
tomli = {version = "*", optional = true, markers = "python_full_version <= \"3.11.0a6\" and extra == \"toml\""}

[package.extras]
toml = ["tomli"]

[[package]]
name = "cx-Oracle"
version = "8.3.0"
description = "Python interface to Oracle"
category = "main"
optional = true
python-versions = "*"

[[package]]
name = "importlib-metadata"
version = "5.0.0"
description = "Read metadata from Python packages"
category = "dev"
optional = false
python-versions = ">=3.7"

[package.dependencies]
typing-extensions = {version = ">=3.6.4", markers = "python_version < \"3.8\""}
zipp = ">=0.5"

[package.extras]
docs = ["furo", "jaraco.packaging (>=9)", "jaraco.tidelift (>=1.4)", "rst.linker (>=1.9)", "sphinx (>=3.5)"]
perf = ["ipython"]
testing = ["flake8 (<5)", "flufl.flake8", "importlib-resources (>=1.3)", "packaging", "pyfakefs", "pytest (>=6)", "pytest-black (>=0.3.7)", "pytest-checkdocs (>=2.4)", "pytest-cov", "pytest-enabler (>=1.3)", "pytest-flake8", "pytest-mypy (>=0.9.1)", "pytest-perf (>=0.9.2)"]

[[package]]
name = "iniconfig"
version = "1.1.1"
description = "iniconfig: brain-dead simple config-ini parsing"
category = "dev"
optional = false
python-versions = "*"

[[package]]
name = "mysql-connector-python"
version = "8.0.31"
description = "MySQL driver written in Python"
category = "main"
optional = true
python-versions = "*"

[package.dependencies]
protobuf = ">=3.11.0,<=3.20.1"

[package.extras]
compression = ["lz4 (>=2.1.6,<=3.1.3)", "zstandard (>=0.12.0,<=0.15.2)"]
dns-srv = ["dnspython (>=1.16.0,<=2.1.0)"]
gssapi = ["gssapi (>=1.6.9,<=1.8.1)"]

[[package]]
name = "packaging"
version = "21.3"
description = "Core utilities for Python packages"
category = "dev"
optional = false
python-versions = ">=3.6"

[package.dependencies]
pyparsing = ">=2.0.2,<3.0.5 || >3.0.5"

[[package]]
name = "pluggy"
version = "1.0.0"
description = "plugin and hook calling mechanisms for python"
category = "dev"
optional = false
python-versions = ">=3.6"

[package.dependencies]
importlib-metadata = {version = ">=0.12", markers = "python_version < \"3.8\""}

[package.extras]
dev = ["pre-commit", "tox"]
testing = ["pytest", "pytest-benchmark"]

[[package]]
name = "protobuf"
version = "3.20.1"
description = "Protocol Buffers"
category = "main"
optional = true
python-versions = ">=3.7"

[[package]]
name = "psycopg2"
version = "2.9.4"
description = "psycopg2 - Python-PostgreSQL Database Adapter"
category = "main"
optional = true
python-versions = ">=3.6"

[[package]]
name = "py"
version = "1.11.0"
description = "library with cross-python path, ini-parsing, io, code, log facilities"
category = "dev"
optional = false
python-versions = ">=2.7, !=3.0.*, !=3.1.*, !=3.2.*, !=3.3.*, !=3.4.*"

[[package]]
name = "pymssql"
version = "2.2.5"
description = "DB-API interface to Microsoft SQL Server for Python. (new Cython-based version)"
category = "main"
optional = true
python-versions = "*"

[[package]]
name = "pyparsing"
version = "3.0.9"
description = "pyparsing module - Classes and methods to define and execute parsing grammars"
category = "dev"
optional = false
python-versions = ">=3.6.8"

[package.extras]
diagrams = ["jinja2", "railroad-diagrams"]

[[package]]
name = "pytest"
version = "7.1.3"
description = "pytest: simple powerful testing with Python"
category = "dev"
optional = false
python-versions = ">=3.7"

[package.dependencies]
attrs = ">=19.2.0"
colorama = {version = "*", markers = "sys_platform == \"win32\""}
importlib-metadata = {version = ">=0.12", markers = "python_version < \"3.8\""}
iniconfig = "*"
packaging = "*"
pluggy = ">=0.12,<2.0"
py = ">=1.8.2"
tomli = ">=1.0.0"

[package.extras]
testing = ["argcomplete", "hypothesis (>=3.56)", "mock", "nose", "pygments (>=2.7.2)", "requests", "xmlschema"]

[[package]]
name = "pytest-cov"
version = "3.0.0"
description = "Pytest plugin for measuring coverage."
category = "dev"
optional = false
python-versions = ">=3.6"

[package.dependencies]
coverage = {version = ">=5.2.1", extras = ["toml"]}
pytest = ">=4.6"

[package.extras]
testing = ["fields", "hunter", "process-tests", "pytest-xdist", "six", "virtualenv"]

[[package]]
name = "tablib"
version = "3.2.1"
description = "Format agnostic tabular data library (XLS, JSON, YAML, CSV)"
category = "dev"
optional = false
python-versions = ">=3.7"

[package.extras]
all = ["markuppy", "odfpy", "openpyxl (>=2.6.0)", "pandas", "pyyaml", "tabulate", "xlrd", "xlwt"]
cli = ["tabulate"]
html = ["markuppy"]
ods = ["odfpy"]
pandas = ["pandas"]
xls = ["xlrd", "xlwt"]
xlsx = ["openpyxl (>=2.6.0)"]
yaml = ["pyyaml"]

[[package]]
name = "tomli"
version = "2.0.1"
description = "A lil' TOML parser"
category = "dev"
optional = false
python-versions = ">=3.7"

[[package]]
name = "typing-extensions"
version = "4.4.0"
description = "Backported and Experimental Type Hints for Python 3.7+"
category = "dev"
optional = false
python-versions = ">=3.7"

[[package]]
name = "zipp"
version = "3.9.0"
description = "Backport of pathlib-compatible object wrapper for zip files"
category = "dev"
optional = false
python-versions = ">=3.7"

[package.extras]
docs = ["furo", "jaraco.packaging (>=9)", "jaraco.tidelift (>=1.4)", "rst.linker (>=1.9)", "sphinx (>=3.5)"]
testing = ["flake8 (<5)", "func-timeout", "jaraco.functools", "jaraco.itertools", "more-itertools", "pytest (>=6)", "pytest-black (>=0.3.7)", "pytest-checkdocs (>=2.4)", "pytest-cov", "pytest-enabler (>=1.3)", "pytest-flake8", "pytest-mypy (>=0.9.1)"]

[extras]
all = ["mysql-connector-python", "psycopg2", "pymssql", "cx-Oracle"]
mssql = ["pymssql"]
mysql = ["mysql-connector-python"]
oracle = ["cx-Oracle"]
postgresql = ["psycopg2"]

[metadata]
lock-version = "1.1"
python-versions = "^3.7"
content-hash = "53ce50ad195b51c52764a7120c1dfc47389315e41260bbe391d0337d66785cb2"

[metadata.files]
attrs = [
    {file = "attrs-22.1.0-py2.py3-none-any.whl", hash = "sha256:86efa402f67bf2df34f51a335487cf46b1ec130d02b8d39fd248abfd30da551c"},
    {file = "attrs-22.1.0.tar.gz", hash = "sha256:29adc2665447e5191d0e7c568fde78b21f9672d344281d0c6e1ab085429b22b6"},
]
colorama = [
    {file = "colorama-0.4.5-py2.py3-none-any.whl", hash = "sha256:854bf444933e37f5824ae7bfc1e98d5bce2ebe4160d46b5edf346a89358e99da"},
    {file = "colorama-0.4.5.tar.gz", hash = "sha256:e6c6b4334fc50988a639d9b98aa429a0b57da6e17b9a44f0451f930b6967b7a4"},
]
coverage = [
    {file = "coverage-6.5.0-cp310-cp310-macosx_10_9_x86_64.whl", hash = "sha256:ef8674b0ee8cc11e2d574e3e2998aea5df5ab242e012286824ea3c6970580e53"},
    {file = "coverage-6.5.0-cp310-cp310-macosx_11_0_arm64.whl", hash = "sha256:784f53ebc9f3fd0e2a3f6a78b2be1bd1f5575d7863e10c6e12504f240fd06660"},
    {file = "coverage-6.5.0-cp310-cp310-manylinux_2_17_aarch64.manylinux2014_aarch64.whl", hash = "sha256:b4a5be1748d538a710f87542f22c2cad22f80545a847ad91ce45e77417293eb4"},
    {file = "coverage-6.5.0-cp310-cp310-manylinux_2_5_i686.manylinux1_i686.manylinux_2_17_i686.manylinux2014_i686.whl", hash = "sha256:83516205e254a0cb77d2d7bb3632ee019d93d9f4005de31dca0a8c3667d5bc04"},
    {file = "coverage-6.5.0-cp310-cp310-manylinux_2_5_x86_64.manylinux1_x86_64.manylinux_2_17_x86_64.manylinux2014_x86_64.whl", hash = "sha256:af4fffaffc4067232253715065e30c5a7ec6faac36f8fc8d6f64263b15f74db0"},
    {file = "coverage-6.5.0-cp310-cp310-musllinux_1_1_aarch64.whl", hash = "sha256:97117225cdd992a9c2a5515db1f66b59db634f59d0679ca1fa3fe8da32749cae"},
    {file = "coverage-6.5.0-cp310-cp310-musllinux_1_1_i686.whl", hash = "sha256:a1170fa54185845505fbfa672f1c1ab175446c887cce8212c44149581cf2d466"},
    {file = "coverage-6.5.0-cp310-cp310-musllinux_1_1_x86_64.whl", hash = "sha256:11b990d520ea75e7ee8dcab5bc908072aaada194a794db9f6d7d5cfd19661e5a"},
    {file = "coverage-6.5.0-cp310-cp310-win32.whl", hash = "sha256:5dbec3b9095749390c09ab7c89d314727f18800060d8d24e87f01fb9cfb40b32"},
    {file = "coverage-6.5.0-cp310-cp310-win_amd64.whl", hash = "sha256:59f53f1dc5b656cafb1badd0feb428c1e7bc19b867479ff72f7a9dd9b479f10e"},
    {file = "coverage-6.5.0-cp311-cp311-macosx_10_9_x86_64.whl", hash = "sha256:4a5375e28c5191ac38cca59b38edd33ef4cc914732c916f2929029b4bfb50795"},
    {file = "coverage-6.5.0-cp311-cp311-manylinux_2_17_aarch64.manylinux2014_aarch64.whl", hash = "sha256:c4ed2820d919351f4167e52425e096af41bfabacb1857186c1ea32ff9983ed75"},
    {file = "coverage-6.5.0-cp311-cp311-manylinux_2_5_i686.manylinux1_i686.manylinux_2_17_i686.manylinux2014_i686.whl", hash = "sha256:33a7da4376d5977fbf0a8ed91c4dffaaa8dbf0ddbf4c8eea500a2486d8bc4d7b"},
    {file = "coverage-6.5.0-cp311-cp311-manylinux_2_5_x86_64.manylinux1_x86_64.manylinux_2_17_x86_64.manylinux2014_x86_64.whl", hash = "sha256:a8fb6cf131ac4070c9c5a3e21de0f7dc5a0fbe8bc77c9456ced896c12fcdad91"},
    {file = "coverage-6.5.0-cp311-cp311-musllinux_1_1_aarch64.whl", hash = "sha256:a6b7d95969b8845250586f269e81e5dfdd8ff828ddeb8567a4a2eaa7313460c4"},
    {file = "coverage-6.5.0-cp311-cp311-musllinux_1_1_i686.whl", hash = "sha256:1ef221513e6f68b69ee9e159506d583d31aa3567e0ae84eaad9d6ec1107dddaa"},
    {file = "coverage-6.5.0-cp311-cp311-musllinux_1_1_x86_64.whl", hash = "sha256:cca4435eebea7962a52bdb216dec27215d0df64cf27fc1dd538415f5d2b9da6b"},
    {file = "coverage-6.5.0-cp311-cp311-win32.whl", hash = "sha256:98e8a10b7a314f454d9eff4216a9a94d143a7ee65018dd12442e898ee2310578"},
    {file = "coverage-6.5.0-cp311-cp311-win_amd64.whl", hash = "sha256:bc8ef5e043a2af066fa8cbfc6e708d58017024dc4345a1f9757b329a249f041b"},
    {file = "coverage-6.5.0-cp37-cp37m-macosx_10_9_x86_64.whl", hash = "sha256:4433b90fae13f86fafff0b326453dd42fc9a639a0d9e4eec4d366436d1a41b6d"},
    {file = "coverage-6.5.0-cp37-cp37m-manylinux_2_17_aarch64.manylinux2014_aarch64.whl", hash = "sha256:f4f05d88d9a80ad3cac6244d36dd89a3c00abc16371769f1340101d3cb899fc3"},
    {file = "coverage-6.5.0-cp37-cp37m-manylinux_2_5_i686.manylinux1_i686.manylinux_2_17_i686.manylinux2014_i686.whl", hash = "sha256:94e2565443291bd778421856bc975d351738963071e9b8839ca1fc08b42d4bef"},
    {file = "coverage-6.5.0-cp37-cp37m-manylinux_2_5_x86_64.manylinux1_x86_64.manylinux_2_17_x86_64.manylinux2014_x86_64.whl", hash = "sha256:027018943386e7b942fa832372ebc120155fd970837489896099f5cfa2890f79"},
    {file = "coverage-6.5.0-cp37-cp37m-musllinux_1_1_aarch64.whl", hash = "sha256:255758a1e3b61db372ec2736c8e2a1fdfaf563977eedbdf131de003ca5779b7d"},
    {file = "coverage-6.5.0-cp37-cp37m-musllinux_1_1_i686.whl", hash = "sha256:851cf4ff24062c6aec510a454b2584f6e998cada52d4cb58c5e233d07172e50c"},
    {file = "coverage-6.5.0-cp37-cp37m-musllinux_1_1_x86_64.whl", hash = "sha256:12adf310e4aafddc58afdb04d686795f33f4d7a6fa67a7a9d4ce7d6ae24d949f"},
    {file = "coverage-6.5.0-cp37-cp37m-win32.whl", hash = "sha256:b5604380f3415ba69de87a289a2b56687faa4fe04dbee0754bfcae433489316b"},
    {file = "coverage-6.5.0-cp37-cp37m-win_amd64.whl", hash = "sha256:4a8dbc1f0fbb2ae3de73eb0bdbb914180c7abfbf258e90b311dcd4f585d44bd2"},
    {file = "coverage-6.5.0-cp38-cp38-macosx_10_9_x86_64.whl", hash = "sha256:d900bb429fdfd7f511f868cedd03a6bbb142f3f9118c09b99ef8dc9bf9643c3c"},
    {file = "coverage-6.5.0-cp38-cp38-macosx_11_0_arm64.whl", hash = "sha256:2198ea6fc548de52adc826f62cb18554caedfb1d26548c1b7c88d8f7faa8f6ba"},
    {file = "coverage-6.5.0-cp38-cp38-manylinux_2_17_aarch64.manylinux2014_aarch64.whl", hash = "sha256:6c4459b3de97b75e3bd6b7d4b7f0db13f17f504f3d13e2a7c623786289dd670e"},
    {file = "coverage-6.5.0-cp38-cp38-manylinux_2_5_i686.manylinux1_i686.manylinux_2_17_i686.manylinux2014_i686.whl", hash = "sha256:20c8ac5386253717e5ccc827caad43ed66fea0efe255727b1053a8154d952398"},
    {file = "coverage-6.5.0-cp38-cp38-manylinux_2_5_x86_64.manylinux1_x86_64.manylinux_2_17_x86_64.manylinux2014_x86_64.whl", hash = "sha256:6b07130585d54fe8dff3d97b93b0e20290de974dc8177c320aeaf23459219c0b"},
    {file = "coverage-6.5.0-cp38-cp38-musllinux_1_1_aarch64.whl", hash = "sha256:dbdb91cd8c048c2b09eb17713b0c12a54fbd587d79adcebad543bc0cd9a3410b"},
    {file = "coverage-6.5.0-cp38-cp38-musllinux_1_1_i686.whl", hash = "sha256:de3001a203182842a4630e7b8d1a2c7c07ec1b45d3084a83d5d227a3806f530f"},
    {file = "coverage-6.5.0-cp38-cp38-musllinux_1_1_x86_64.whl", hash = "sha256:e07f4a4a9b41583d6eabec04f8b68076ab3cd44c20bd29332c6572dda36f372e"},
    {file = "coverage-6.5.0-cp38-cp38-win32.whl", hash = "sha256:6d4817234349a80dbf03640cec6109cd90cba068330703fa65ddf56b60223a6d"},
    {file = "coverage-6.5.0-cp38-cp38-win_amd64.whl", hash = "sha256:7ccf362abd726b0410bf8911c31fbf97f09f8f1061f8c1cf03dfc4b6372848f6"},
    {file = "coverage-6.5.0-cp39-cp39-macosx_10_9_x86_64.whl", hash = "sha256:633713d70ad6bfc49b34ead4060531658dc6dfc9b3eb7d8a716d5873377ab745"},
    {file = "coverage-6.5.0-cp39-cp39-macosx_11_0_arm64.whl", hash = "sha256:95203854f974e07af96358c0b261f1048d8e1083f2de9b1c565e1be4a3a48cfc"},
    {file = "coverage-6.5.0-cp39-cp39-manylinux_2_17_aarch64.manylinux2014_aarch64.whl", hash = "sha256:b9023e237f4c02ff739581ef35969c3739445fb059b060ca51771e69101efffe"},
    {file = "coverage-6.5.0-cp39-cp39-manylinux_2_5_i686.manylinux1_i686.manylinux_2_17_i686.manylinux2014_i686.whl", hash = "sha256:265de0fa6778d07de30bcf4d9dc471c3dc4314a23a3c6603d356a3c9abc2dfcf"},
    {file = "coverage-6.5.0-cp39-cp39-manylinux_2_5_x86_64.manylinux1_x86_64.manylinux_2_17_x86_64.manylinux2014_x86_64.whl", hash = "sha256:8f830ed581b45b82451a40faabb89c84e1a998124ee4212d440e9c6cf70083e5"},
    {file = "coverage-6.5.0-cp39-cp39-musllinux_1_1_aarch64.whl", hash = "sha256:7b6be138d61e458e18d8e6ddcddd36dd96215edfe5f1168de0b1b32635839b62"},
    {file = "coverage-6.5.0-cp39-cp39-musllinux_1_1_i686.whl", hash = "sha256:42eafe6778551cf006a7c43153af1211c3aaab658d4d66fa5fcc021613d02518"},
    {file = "coverage-6.5.0-cp39-cp39-musllinux_1_1_x86_64.whl", hash = "sha256:723e8130d4ecc8f56e9a611e73b31219595baa3bb252d539206f7bbbab6ffc1f"},
    {file = "coverage-6.5.0-cp39-cp39-win32.whl", hash = "sha256:d9ecf0829c6a62b9b573c7bb6d4dcd6ba8b6f80be9ba4fc7ed50bf4ac9aecd72"},
    {file = "coverage-6.5.0-cp39-cp39-win_amd64.whl", hash = "sha256:fc2af30ed0d5ae0b1abdb4ebdce598eafd5b35397d4d75deb341a614d333d987"},
    {file = "coverage-6.5.0-pp36.pp37.pp38-none-any.whl", hash = "sha256:1431986dac3923c5945271f169f59c45b8802a114c8f548d611f2015133df77a"},
    {file = "coverage-6.5.0.tar.gz", hash = "sha256:f642e90754ee3e06b0e7e51bce3379590e76b7f76b708e1a71ff043f87025c84"},
]
cx-Oracle = [
    {file = "cx_Oracle-8.3.0-cp310-cp310-manylinux_2_5_x86_64.manylinux1_x86_64.manylinux_2_12_x86_64.manylinux2010_x86_64.whl", hash = "sha256:b6a23da225f03f50a81980c61dbd6a358c3575f212ca7f4c22bb65a9faf94f7f"},
    {file = "cx_Oracle-8.3.0-cp310-cp310-win32.whl", hash = "sha256:715a8bbda5982af484ded14d184304cc552c1096c82471dd2948298470e88a04"},
    {file = "cx_Oracle-8.3.0-cp310-cp310-win_amd64.whl", hash = "sha256:07f01608dfb6603a8f2a868fc7c7bdc951480f187df8dbc50f4d48c884874e6a"},
    {file = "cx_Oracle-8.3.0-cp36-cp36m-manylinux_2_5_x86_64.manylinux1_x86_64.manylinux_2_12_x86_64.manylinux2010_x86_64.whl", hash = "sha256:4b3afe7a911cebaceda908228d36839f6441cbd38e5df491ec25960562bb01a0"},
    {file = "cx_Oracle-8.3.0-cp36-cp36m-win32.whl", hash = "sha256:076ffb71279d6b2dcbf7df028f62a01e18ce5bb73d8b01eab582bf14a62f4a61"},
    {file = "cx_Oracle-8.3.0-cp36-cp36m-win_amd64.whl", hash = "sha256:b82e4b165ffd807a2bd256259a6b81b0a2452883d39f987509e2292d494ea163"},
    {file = "cx_Oracle-8.3.0-cp37-cp37m-manylinux_2_5_x86_64.manylinux1_x86_64.manylinux_2_12_x86_64.manylinux2010_x86_64.whl", hash = "sha256:b902db61dcdcbbf8dd981f5a46d72fef40c5150c7fc0eb0f0698b462d6eb834e"},
    {file = "cx_Oracle-8.3.0-cp37-cp37m-win32.whl", hash = "sha256:4c82ca74442c298ceec56d207450c192e06ecf8ad52eb4aaad0812e147ceabf7"},
    {file = "cx_Oracle-8.3.0-cp37-cp37m-win_amd64.whl", hash = "sha256:54164974d526b76fdefb0b66a42b68e1fca5df78713d0eeb8c1d0047b83f6bcf"},
    {file = "cx_Oracle-8.3.0-cp38-cp38-manylinux_2_5_x86_64.manylinux1_x86_64.manylinux_2_12_x86_64.manylinux2010_x86_64.whl", hash = "sha256:410747d542e5f94727f5f0e42e9706c772cf9094fb348ce965ab88b3a9e4d2d8"},
    {file = "cx_Oracle-8.3.0-cp38-cp38-win32.whl", hash = "sha256:3baa878597c5fadb2c72f359f548431c7be001e722ce4a4ebdf3d2293a1bb70b"},
    {file = "cx_Oracle-8.3.0-cp38-cp38-win_amd64.whl", hash = "sha256:de42bdc882abdc5cea54597da27a05593b44143728e5b629ad5d35decb1a2036"},
    {file = "cx_Oracle-8.3.0-cp39-cp39-manylinux_2_5_x86_64.manylinux1_x86_64.manylinux_2_12_x86_64.manylinux2010_x86_64.whl", hash = "sha256:df412238a9948340591beee9ec64fa62a2efacc0d91107034a7023e2991fba97"},
    {file = "cx_Oracle-8.3.0-cp39-cp39-win32.whl", hash = "sha256:70d3cf030aefd71f99b45beba77237b2af448adf5e26be0db3d0d3dee6ea4230"},
    {file = "cx_Oracle-8.3.0-cp39-cp39-win_amd64.whl", hash = "sha256:bf01ce87edb4ef663b2e5bd604e1e0154d2cc2f12b60301f788b569d9db8a900"},
    {file = "cx_Oracle-8.3.0.tar.gz", hash = "sha256:3b2d215af4441463c97ea469b9cc307460739f89fdfa8ea222ea3518f1a424d9"},
]
importlib-metadata = [
    {file = "importlib_metadata-5.0.0-py3-none-any.whl", hash = "sha256:ddb0e35065e8938f867ed4928d0ae5bf2a53b7773871bfe6bcc7e4fcdc7dea43"},
    {file = "importlib_metadata-5.0.0.tar.gz", hash = "sha256:da31db32b304314d044d3c12c79bd59e307889b287ad12ff387b3500835fc2ab"},
]
iniconfig = [
    {file = "iniconfig-1.1.1-py2.py3-none-any.whl", hash = "sha256:011e24c64b7f47f6ebd835bb12a743f2fbe9a26d4cecaa7f53bc4f35ee9da8b3"},
    {file = "iniconfig-1.1.1.tar.gz", hash = "sha256:bc3af051d7d14b2ee5ef9969666def0cd1a000e121eaea580d4a313df4b37f32"},
]
mysql-connector-python = [
    {file = "mysql-connector-python-8.0.31.tar.gz", hash = "sha256:0fbe8f5441ad781b4f65c54a10ac77c6a329591456607e042786528599519636"},
    {file = "mysql_connector_python-8.0.31-cp310-cp310-macosx_11_0_arm64.whl", hash = "sha256:3e271d8de00d5e9f9bd4b212c8e23d2986dead0f20379010f3b274a3e24cbfcb"},
    {file = "mysql_connector_python-8.0.31-cp310-cp310-macosx_11_0_x86_64.whl", hash = "sha256:f3ee04a601f9cb90ace9618bbe2fa8e5bb59be3eb0c2bd8a5405fe69e05e446b"},
    {file = "mysql_connector_python-8.0.31-cp310-cp310-manylinux1_i686.whl", hash = "sha256:f89b7a731885b8a04248e4d8d124705ca836f0ddd3b7cf0c789e21f4b32810ed"},
    {file = "mysql_connector_python-8.0.31-cp310-cp310-manylinux1_x86_64.whl", hash = "sha256:48eb34f4e69a2fba56f310de6682862a15d46cd2bd51ee6eebc3a244e4ee0aa6"},
    {file = "mysql_connector_python-8.0.31-cp310-cp310-win_amd64.whl", hash = "sha256:a570a72e0015b36b9c0775ae27c1d4946225f02f62129d16a14e9d77a38c0717"},
    {file = "mysql_connector_python-8.0.31-cp311-cp311-macosx_11_0_arm64.whl", hash = "sha256:a7ac859a52486ac319e37f61469bbb9023faef38018223efa74e953f1fe23d36"},
    {file = "mysql_connector_python-8.0.31-cp311-cp311-macosx_11_0_x86_64.whl", hash = "sha256:79d6a6e8ce955df5ca0786cb8ed8fbd999745c9b50def89993a2a0f4732de721"},
    {file = "mysql_connector_python-8.0.31-cp311-cp311-manylinux1_i686.whl", hash = "sha256:e60426af313dcd526028d018d70757a82c5cc0673776b2a614e2180b5970feed"},
    {file = "mysql_connector_python-8.0.31-cp311-cp311-manylinux1_x86_64.whl", hash = "sha256:d0ca1ba3e5fb2f2cddcf271c320cd5c368f8d392c034ddab7a1c8dfd19510351"},
    {file = "mysql_connector_python-8.0.31-cp311-cp311-win_amd64.whl", hash = "sha256:a1d8c1509c740649f352400d50360185e5473371507bb6498ceda0c6e877920c"},
    {file = "mysql_connector_python-8.0.31-cp37-cp37m-macosx_11_0_x86_64.whl", hash = "sha256:447847396d1b51edd9cfe05a8c5ba82836d8ea4866f25f36a836cab322fdc4f0"},
    {file = "mysql_connector_python-8.0.31-cp37-cp37m-manylinux1_i686.whl", hash = "sha256:5e01a2f50378c13407a32e40dd4d225cfee5996d9d11968f76720ec28aa45421"},
    {file = "mysql_connector_python-8.0.31-cp37-cp37m-manylinux1_x86_64.whl", hash = "sha256:ac85883ec3b3a9a0e36cacc89b8f5e666206842c432a5f69b09a7687ddf51d4a"},
    {file = "mysql_connector_python-8.0.31-cp37-cp37m-win_amd64.whl", hash = "sha256:28cb3667be64ebfbd3d477bbd2c71e50d48bd5ed7ba2072dd460ae886d27e88e"},
    {file = "mysql_connector_python-8.0.31-cp38-cp38-macosx_11_0_arm64.whl", hash = "sha256:30f4542d4d20357c79604e6bf1a801e71dfc45c759c22b502ca5aa8122c3e859"},
    {file = "mysql_connector_python-8.0.31-cp38-cp38-macosx_11_0_x86_64.whl", hash = "sha256:e9e5ad544adfc82ffbda2c74685c8c953bce2e212c56f117020079f05e2c68b2"},
    {file = "mysql_connector_python-8.0.31-cp38-cp38-manylinux1_i686.whl", hash = "sha256:744c976569e81eecce5e8c7e8f80df2a1c3f64414829addc69c64aef8f56d091"},
    {file = "mysql_connector_python-8.0.31-cp38-cp38-manylinux1_x86_64.whl", hash = "sha256:17d6ea22dacca7fa78a73a81f2b186d4c5c6e70b7be314e352526654e9ba4713"},
    {file = "mysql_connector_python-8.0.31-cp38-cp38-win_amd64.whl", hash = "sha256:ae1b3d03802474a161cce8a97024484d18bef43b86d20114908cbc263817cade"},
    {file = "mysql_connector_python-8.0.31-cp39-cp39-macosx_11_0_arm64.whl", hash = "sha256:746df133c677fbe4687da33aad5a711abdd9bd2277bbc350e20f903f07c81ef5"},
    {file = "mysql_connector_python-8.0.31-cp39-cp39-macosx_11_0_x86_64.whl", hash = "sha256:4d75e6c3a7f18004e8279cbd9f5edc70089d6aaf3cb64374e21098d9bf0b93c4"},
    {file = "mysql_connector_python-8.0.31-cp39-cp39-manylinux1_i686.whl", hash = "sha256:8ad0d08f3f7c9e48d6d102c7de718e5e44f630f916ff2f4b4ff8a3756b5d10ac"},
    {file = "mysql_connector_python-8.0.31-cp39-cp39-manylinux1_x86_64.whl", hash = "sha256:02526f16eacc3961ff681c5c8455d2306a9b45124f2f012ca75a1eac9ceb5165"},
    {file = "mysql_connector_python-8.0.31-cp39-cp39-win_amd64.whl", hash = "sha256:b2bbf443f6346e46c26a3e91dd96a428a1038f2d3c5e466541078479c64a1833"},
    {file = "mysql_connector_python-8.0.31-py2.py3-none-any.whl", hash = "sha256:9be9c4dcae987a2a3f07b2ad984984c24f90887dbfab3c8a971e631ad4ca5ccf"},
]
packaging = [
    {file = "packaging-21.3-py3-none-any.whl", hash = "sha256:ef103e05f519cdc783ae24ea4e2e0f508a9c99b2d4969652eed6a2e1ea5bd522"},
    {file = "packaging-21.3.tar.gz", hash = "sha256:dd47c42927d89ab911e606518907cc2d3a1f38bbd026385970643f9c5b8ecfeb"},
]
pluggy = [
    {file = "pluggy-1.0.0-py2.py3-none-any.whl", hash = "sha256:74134bbf457f031a36d68416e1509f34bd5ccc019f0bcc952c7b909d06b37bd3"},
    {file = "pluggy-1.0.0.tar.gz", hash = "sha256:4224373bacce55f955a878bf9cfa763c1e360858e330072059e10bad68531159"},
]
protobuf = [
    {file = "protobuf-3.20.1-cp310-cp310-macosx_10_9_universal2.whl", hash = "sha256:3cc797c9d15d7689ed507b165cd05913acb992d78b379f6014e013f9ecb20996"},
    {file = "protobuf-3.20.1-cp310-cp310-manylinux2014_aarch64.whl", hash = "sha256:ff8d8fa42675249bb456f5db06c00de6c2f4c27a065955917b28c4f15978b9c3"},
    {file = "protobuf-3.20.1-cp310-cp310-manylinux_2_12_x86_64.manylinux2010_x86_64.whl", hash = "sha256:cd68be2559e2a3b84f517fb029ee611546f7812b1fdd0aa2ecc9bc6ec0e4fdde"},
    {file = "protobuf-3.20.1-cp310-cp310-win32.whl", hash = "sha256:9016d01c91e8e625141d24ec1b20fed584703e527d28512aa8c8707f105a683c"},
    {file = "protobuf-3.20.1-cp310-cp310-win_amd64.whl", hash = "sha256:32ca378605b41fd180dfe4e14d3226386d8d1b002ab31c969c366549e66a2bb7"},
    {file = "protobuf-3.20.1-cp36-cp36m-macosx_10_9_x86_64.whl", hash = "sha256:9be73ad47579abc26c12024239d3540e6b765182a91dbc88e23658ab71767153"},
    {file = "protobuf-3.20.1-cp36-cp36m-manylinux_2_5_x86_64.manylinux1_x86_64.whl", hash = "sha256:097c5d8a9808302fb0da7e20edf0b8d4703274d140fd25c5edabddcde43e081f"},
    {file = "protobuf-3.20.1-cp37-cp37m-macosx_10_9_x86_64.whl", hash = "sha256:e250a42f15bf9d5b09fe1b293bdba2801cd520a9f5ea2d7fb7536d4441811d20"},
    {file = "protobuf-3.20.1-cp37-cp37m-manylinux2014_aarch64.whl", hash = "sha256:cdee09140e1cd184ba9324ec1df410e7147242b94b5f8b0c64fc89e38a8ba531"},
    {file = "protobuf-3.20.1-cp37-cp37m-manylinux_2_5_x86_64.manylinux1_x86_64.whl", hash = "sha256:af0ebadc74e281a517141daad9d0f2c5d93ab78e9d455113719a45a49da9db4e"},
    {file = "protobuf-3.20.1-cp37-cp37m-win32.whl", hash = "sha256:755f3aee41354ae395e104d62119cb223339a8f3276a0cd009ffabfcdd46bb0c"},
    {file = "protobuf-3.20.1-cp37-cp37m-win_amd64.whl", hash = "sha256:62f1b5c4cd6c5402b4e2d63804ba49a327e0c386c99b1675c8a0fefda23b2067"},
    {file = "protobuf-3.20.1-cp38-cp38-macosx_10_9_x86_64.whl", hash = "sha256:06059eb6953ff01e56a25cd02cca1a9649a75a7e65397b5b9b4e929ed71d10cf"},
    {file = "protobuf-3.20.1-cp38-cp38-manylinux2014_aarch64.whl", hash = "sha256:cb29edb9eab15742d791e1025dd7b6a8f6fcb53802ad2f6e3adcb102051063ab"},
    {file = "protobuf-3.20.1-cp38-cp38-manylinux_2_5_x86_64.manylinux1_x86_64.whl", hash = "sha256:69ccfdf3657ba59569c64295b7d51325f91af586f8d5793b734260dfe2e94e2c"},
    {file = "protobuf-3.20.1-cp38-cp38-win32.whl", hash = "sha256:dd5789b2948ca702c17027c84c2accb552fc30f4622a98ab5c51fcfe8c50d3e7"},
    {file = "protobuf-3.20.1-cp38-cp38-win_amd64.whl", hash = "sha256:77053d28427a29987ca9caf7b72ccafee011257561259faba8dd308fda9a8739"},
    {file = "protobuf-3.20.1-cp39-cp39-macosx_10_9_x86_64.whl", hash = "sha256:6f50601512a3d23625d8a85b1638d914a0970f17920ff39cec63aaef80a93fb7"},
    {file = "protobuf-3.20.1-cp39-cp39-manylinux2014_aarch64.whl", hash = "sha256:284f86a6207c897542d7e956eb243a36bb8f9564c1742b253462386e96c6b78f"},
    {file = "protobuf-3.20.1-cp39-cp39-manylinux_2_5_x86_64.manylinux1_x86_64.whl", hash = "sha256:7403941f6d0992d40161aa8bb23e12575637008a5a02283a930addc0508982f9"},
    {file = "protobuf-3.20.1-cp39-cp39-win32.whl", hash = "sha256:db977c4ca738dd9ce508557d4fce0f5aebd105e158c725beec86feb1f6bc20d8"},
    {file = "protobuf-3.20.1-cp39-cp39-win_amd64.whl", hash = "sha256:7e371f10abe57cee5021797126c93479f59fccc9693dafd6bd5633ab67808a91"},
    {file = "protobuf-3.20.1-py2.py3-none-any.whl", hash = "sha256:adfc6cf69c7f8c50fd24c793964eef18f0ac321315439d94945820612849c388"},
    {file = "protobuf-3.20.1.tar.gz", hash = "sha256:adc31566d027f45efe3f44eeb5b1f329da43891634d61c75a5944e9be6dd42c9"},
]
psycopg2 = [
    {file = "psycopg2-2.9.4-cp310-cp310-win32.whl", hash = "sha256:8de6a9fc5f42fa52f559e65120dcd7502394692490c98fed1221acf0819d7797"},
    {file = "psycopg2-2.9.4-cp310-cp310-win_amd64.whl", hash = "sha256:1da77c061bdaab450581458932ae5e469cc6e36e0d62f988376e9f513f11cb5c"},
    {file = "psycopg2-2.9.4-cp36-cp36m-win32.whl", hash = "sha256:a11946bad3557ca254f17357d5a4ed63bdca45163e7a7d2bfb8e695df069cc3a"},
    {file = "psycopg2-2.9.4-cp36-cp36m-win_amd64.whl", hash = "sha256:46361c054df612c3cc813fdb343733d56543fb93565cff0f8ace422e4da06acb"},
    {file = "psycopg2-2.9.4-cp37-cp37m-win32.whl", hash = "sha256:aafa96f2da0071d6dd0cbb7633406d99f414b40ab0f918c9d9af7df928a1accb"},
    {file = "psycopg2-2.9.4-cp37-cp37m-win_amd64.whl", hash = "sha256:aa184d551a767ad25df3b8d22a0a62ef2962e0e374c04f6cbd1204947f540d61"},
    {file = "psycopg2-2.9.4-cp38-cp38-win32.whl", hash = "sha256:839f9ea8f6098e39966d97fcb8d08548fbc57c523a1e27a1f0609addf40f777c"},
    {file = "psycopg2-2.9.4-cp38-cp38-win_amd64.whl", hash = "sha256:c7fa041b4acb913f6968fce10169105af5200f296028251d817ab37847c30184"},
    {file = "psycopg2-2.9.4-cp39-cp39-win32.whl", hash = "sha256:07b90a24d5056687781ddaef0ea172fd951f2f7293f6ffdd03d4f5077801f426"},
    {file = "psycopg2-2.9.4-cp39-cp39-win_amd64.whl", hash = "sha256:849bd868ae3369932127f0771c08d1109b254f08d48dc42493c3d1b87cb2d308"},
    {file = "psycopg2-2.9.4.tar.gz", hash = "sha256:d529926254e093a1b669f692a3aa50069bc71faf5b0ecd91686a78f62767d52f"},
]
py = [
    {file = "py-1.11.0-py2.py3-none-any.whl", hash = "sha256:607c53218732647dff4acdfcd50cb62615cedf612e72d1724fb1a0cc6405b378"},
    {file = "py-1.11.0.tar.gz", hash = "sha256:51c75c4126074b472f746a24399ad32f6053d1b34b68d2fa41e558e6f4a98719"},
]
pymssql = [
    {file = "pymssql-2.2.5-cp310-cp310-macosx_10_15_x86_64.whl", hash = "sha256:6462017183f05ae231c3f84efce4e9a8d085b4a2e9e3ed5c407ee643494a0842"},
    {file = "pymssql-2.2.5-cp310-cp310-manylinux_2_12_i686.manylinux2010_i686.whl", hash = "sha256:6a013c82f7320c92039ac20db935e897a3fcd7423435705cef177f863dbb32e4"},
    {file = "pymssql-2.2.5-cp310-cp310-manylinux_2_12_x86_64.manylinux2010_x86_64.whl", hash = "sha256:45e9bba4870103363c865d2b867de8de082745dd753083f27927ded3d15df587"},
    {file = "pymssql-2.2.5-cp310-cp310-manylinux_2_17_i686.manylinux2014_i686.whl", hash = "sha256:20de2f718f3c99040637a0e7d3b81f22e62211bcac01fb65641b964e70f26e20"},
    {file = "pymssql-2.2.5-cp310-cp310-manylinux_2_17_x86_64.manylinux2014_x86_64.whl", hash = "sha256:18eb4fcb55b67aaa2811e124eb8750fd84eeba1668a695908c6cc13682f6be5d"},
    {file = "pymssql-2.2.5-cp310-cp310-manylinux_2_24_i686.whl", hash = "sha256:9969971117401096a8a7c1e08d84ea3d5d3f598ee482822583a44e2e6d3791d0"},
    {file = "pymssql-2.2.5-cp310-cp310-manylinux_2_24_x86_64.whl", hash = "sha256:bb858c8a64990dd0145d874ef01af4b6fe39e9202ee0a74a8dff8285b801db21"},
    {file = "pymssql-2.2.5-cp310-cp310-win32.whl", hash = "sha256:da78a94908d42aa0f8af1b917c49c4dea38273035f81ea168b095e0b3ba8e486"},
    {file = "pymssql-2.2.5-cp310-cp310-win_amd64.whl", hash = "sha256:b691779a450ebbbb98cd2ad89ae9f17799b0bf0c9dd2e65b316efcc74246716e"},
    {file = "pymssql-2.2.5-cp36-cp36m-manylinux_2_12_i686.manylinux2010_i686.whl", hash = "sha256:92262bf5d21b6d80e887d6fd0f03ab6337dad39b642b1887416cc67b1bd04cbf"},
    {file = "pymssql-2.2.5-cp36-cp36m-manylinux_2_12_x86_64.manylinux2010_x86_64.whl", hash = "sha256:00f5b7e22bf7eb0faa5c6693e02c00f10ecc89fe505bbe84d553352681c2a749"},
    {file = "pymssql-2.2.5-cp36-cp36m-manylinux_2_17_i686.manylinux2014_i686.whl", hash = "sha256:ac80d1d11703120b986c604ddf4993c3dcbcbe907b04e34729c5aae2891399c0"},
    {file = "pymssql-2.2.5-cp36-cp36m-manylinux_2_17_x86_64.manylinux2014_x86_64.whl", hash = "sha256:6bf813ea0e4a0bfbb53a3469125eed06635222ea729339403585fd45f18a7812"},
    {file = "pymssql-2.2.5-cp36-cp36m-manylinux_2_24_i686.whl", hash = "sha256:73b747261cdf8d69395823cf650cf143d618ada412cbec90a88e4d449e7fa7f8"},
    {file = "pymssql-2.2.5-cp36-cp36m-manylinux_2_24_x86_64.whl", hash = "sha256:ce9e7ed16793c72d28e80506abd59a06b594fc55fe24f6256b7007b5b5e26120"},
    {file = "pymssql-2.2.5-cp36-cp36m-manylinux_2_5_i686.manylinux1_i686.whl", hash = "sha256:b5dcb4e4ceb16592a5d9ea3868162f21e7c215dde5c5e7f992709696c84a69b0"},
    {file = "pymssql-2.2.5-cp36-cp36m-manylinux_2_5_x86_64.manylinux1_x86_64.whl", hash = "sha256:9c90bc134a0c5c60e9acf651d87275c7e6dc6682981f62d574fa3dd441acb0f2"},
    {file = "pymssql-2.2.5-cp37-cp37m-macosx_10_14_x86_64.whl", hash = "sha256:29d647ef61641cebc0e16d4a549b3f793f32bab88e7ba7c7550772a7aba9dea3"},
    {file = "pymssql-2.2.5-cp37-cp37m-manylinux_2_12_i686.manylinux2010_i686.whl", hash = "sha256:633079e248cdefef2207c0a55608637d0f3410f53e5679c589b37ea7965a2cca"},
    {file = "pymssql-2.2.5-cp37-cp37m-manylinux_2_12_x86_64.manylinux2010_x86_64.whl", hash = "sha256:e373764cc81719f830b113ce6fee6849f2c4e5dfe1037804864b7dfb9946817e"},
    {file = "pymssql-2.2.5-cp37-cp37m-manylinux_2_17_i686.manylinux2014_i686.whl", hash = "sha256:3b47c05da0fffd6dd77141c1c37975a8469334f63e6faf03f5eab6d83c9001cc"},
    {file = "pymssql-2.2.5-cp37-cp37m-manylinux_2_17_x86_64.manylinux2014_x86_64.whl", hash = "sha256:fc245011aad9c018105193585469461c35fb35e7255b8e66fa27479f835742aa"},
    {file = "pymssql-2.2.5-cp37-cp37m-manylinux_2_24_i686.whl", hash = "sha256:72bbccdaf4938db7ff99db1f82ecdf6dc78778d8b7bbe6080590dd01024988de"},
    {file = "pymssql-2.2.5-cp37-cp37m-manylinux_2_24_x86_64.whl", hash = "sha256:395ec9e512a8d5b707aea8f516eebf51291b6fb6bc18fe4da88b222843bd4d46"},
    {file = "pymssql-2.2.5-cp37-cp37m-manylinux_2_5_i686.manylinux1_i686.whl", hash = "sha256:6bb912b4681d55dce63f940becb7f4533661cfdb99cd6cd3daa7d7b5e285e977"},
    {file = "pymssql-2.2.5-cp37-cp37m-manylinux_2_5_x86_64.manylinux1_x86_64.whl", hash = "sha256:14dee37da84653d1e483236d51bc0545e6442e0642ee362526db6599fd3c1733"},
    {file = "pymssql-2.2.5-cp37-cp37m-win32.whl", hash = "sha256:5e2cd5a6da441aa3e8ee13e8811f884791d77a4cb17028381543bf50d010c919"},
    {file = "pymssql-2.2.5-cp37-cp37m-win_amd64.whl", hash = "sha256:ba43efd1057018ab404c8603bbce643347b9165c08364df8a8c03d54dffc4453"},
    {file = "pymssql-2.2.5-cp38-cp38-macosx_10_14_x86_64.whl", hash = "sha256:ac8d6b7e0dc97a9261b7500f086772ff5cf2bf9a0340d0aaee4dff5b217dd526"},
    {file = "pymssql-2.2.5-cp38-cp38-manylinux_2_12_i686.manylinux2010_i686.whl", hash = "sha256:ed7c5e58cd0ffcf3448cc38dfd2a6011f657759fcae9509748320cd89a0b8d32"},
    {file = "pymssql-2.2.5-cp38-cp38-manylinux_2_12_x86_64.manylinux2010_x86_64.whl", hash = "sha256:30c4ab08cff619c7fe4d309fa6a05219b343082a1f46ca368deab5841632b8bf"},
    {file = "pymssql-2.2.5-cp38-cp38-manylinux_2_17_i686.manylinux2014_i686.whl", hash = "sha256:49806c343a6dea5221e98cabed1532fdd14535c5e5bb183001e0ffad31e11032"},
    {file = "pymssql-2.2.5-cp38-cp38-manylinux_2_17_x86_64.manylinux2014_x86_64.whl", hash = "sha256:15cc71762ec75a66bcb3751c2534ba4151b8512252b0377b842efec7cae6d953"},
    {file = "pymssql-2.2.5-cp38-cp38-manylinux_2_24_i686.whl", hash = "sha256:e42c7043c472d45db686ae67601c6680596a2f12ceaa99fb136e647d3d8cd643"},
    {file = "pymssql-2.2.5-cp38-cp38-manylinux_2_24_x86_64.whl", hash = "sha256:c738d51181ab4b3332631644ef7b561543837d1d942a291f8bc36a9e2dfb65db"},
    {file = "pymssql-2.2.5-cp38-cp38-manylinux_2_5_i686.manylinux1_i686.whl", hash = "sha256:e33770ad113a646a45e4fc75f30683e92c9b929431e12977f824d6c810f28162"},
    {file = "pymssql-2.2.5-cp38-cp38-manylinux_2_5_x86_64.manylinux1_x86_64.whl", hash = "sha256:8c5ad8d09f9035009ccb6f20bc9829ef60c03c436efb4b5c33af395c4030ea3d"},
    {file = "pymssql-2.2.5-cp38-cp38-win32.whl", hash = "sha256:c0611a3ea2a7ac496df30506fd28e4f7389808c59743b2eac0069e89af7289b8"},
    {file = "pymssql-2.2.5-cp38-cp38-win_amd64.whl", hash = "sha256:45c1519c94f9915911075c95fc63d62ba612e152248093aa12b7e902499c6416"},
    {file = "pymssql-2.2.5-cp39-cp39-macosx_10_15_x86_64.whl", hash = "sha256:1089cd5871daedc9918f8958605bbd2621006c29c06b571b419be53ea46c113a"},
    {file = "pymssql-2.2.5-cp39-cp39-manylinux_2_12_i686.manylinux2010_i686.whl", hash = "sha256:8ac2b3213462f078671806702dfadb8e459923f0f5013d371febebf4caf598ba"},
    {file = "pymssql-2.2.5-cp39-cp39-manylinux_2_12_x86_64.manylinux2010_x86_64.whl", hash = "sha256:9b707e5867bb49ad9d8945231112dfa3e9588b98f6f1248714d1f1af88321230"},
    {file = "pymssql-2.2.5-cp39-cp39-manylinux_2_17_i686.manylinux2014_i686.whl", hash = "sha256:538a8e7ce255cabf093b25b72f8037b1d5fd3ba28b13a34c761a029840dc1880"},
    {file = "pymssql-2.2.5-cp39-cp39-manylinux_2_17_x86_64.manylinux2014_x86_64.whl", hash = "sha256:5b9f5ec7896fd2f19393cd564d8ef562b26692218a84088ce1b10e9fe1215032"},
    {file = "pymssql-2.2.5-cp39-cp39-manylinux_2_24_i686.whl", hash = "sha256:6086f0b695b7ceb4603cdc2f66356a58e367a3f1828d1ca99255c4d92d1f0932"},
    {file = "pymssql-2.2.5-cp39-cp39-manylinux_2_24_x86_64.whl", hash = "sha256:e0b1bcb8465d787d5141bfc02d98e1e507d02155848b1b5622528402760f5dbf"},
    {file = "pymssql-2.2.5-cp39-cp39-manylinux_2_5_i686.manylinux1_i686.whl", hash = "sha256:ebb7867207cf4cd497ea1d01b42590ed1db3561ef3ab8e135239301b6ee2695e"},
    {file = "pymssql-2.2.5-cp39-cp39-manylinux_2_5_x86_64.manylinux1_x86_64.whl", hash = "sha256:8b32ad436f293c8cbadc1ba3aaf2621ab82303d169b1ab6f30f55053640ab5b1"},
    {file = "pymssql-2.2.5-cp39-cp39-win32.whl", hash = "sha256:cc523bfd26671346faccb1273b16a74dcdf1a8ac81c93c6bfebdb240e4d5a042"},
    {file = "pymssql-2.2.5-cp39-cp39-win_amd64.whl", hash = "sha256:e9cce9c47e6d550992936f91f8f2e97a8f5132749bad1cd4f5f7923bf8732d1f"},
    {file = "pymssql-2.2.5.tar.gz", hash = "sha256:857411c308ecb584a3ca633be30f1971d2a8cc0bcd978709b1abf96ff43767ad"},
]
pyparsing = [
    {file = "pyparsing-3.0.9-py3-none-any.whl", hash = "sha256:5026bae9a10eeaefb61dab2f09052b9f4307d44aee4eda64b309723d8d206bbc"},
    {file = "pyparsing-3.0.9.tar.gz", hash = "sha256:2b020ecf7d21b687f219b71ecad3631f644a47f01403fa1d1036b0c6416d70fb"},
]
pytest = [
    {file = "pytest-7.1.3-py3-none-any.whl", hash = "sha256:1377bda3466d70b55e3f5cecfa55bb7cfcf219c7964629b967c37cf0bda818b7"},
    {file = "pytest-7.1.3.tar.gz", hash = "sha256:4f365fec2dff9c1162f834d9f18af1ba13062db0c708bf7b946f8a5c76180c39"},
]
pytest-cov = [
    {file = "pytest-cov-3.0.0.tar.gz", hash = "sha256:e7f0f5b1617d2210a2cabc266dfe2f4c75a8d32fb89eafb7ad9d06f6d076d470"},
    {file = "pytest_cov-3.0.0-py3-none-any.whl", hash = "sha256:578d5d15ac4a25e5f961c938b85a05b09fdaae9deef3bb6de9a6e766622ca7a6"},
]
tablib = [
    {file = "tablib-3.2.1-py3-none-any.whl", hash = "sha256:870d7e688f738531a14937a055e8bba404fbc388e77d4d500b2c904075d1019c"},
    {file = "tablib-3.2.1.tar.gz", hash = "sha256:a57f2770b8c225febec1cb1e65012a69cf30dd28be810e0ff98d024768c7d0f1"},
]
tomli = [
    {file = "tomli-2.0.1-py3-none-any.whl", hash = "sha256:939de3e7a6161af0c887ef91b7d41a53e7c5a1ca976325f429cb46ea9bc30ecc"},
    {file = "tomli-2.0.1.tar.gz", hash = "sha256:de526c12914f0c550d15924c62d72abc48d6fe7364aa87328337a31007fe8a4f"},
]
typing-extensions = [
    {file = "typing_extensions-4.4.0-py3-none-any.whl", hash = "sha256:16fa4864408f655d35ec496218b85f79b3437c829e93320c7c9215ccfd92489e"},
    {file = "typing_extensions-4.4.0.tar.gz", hash = "sha256:1511434bb92bf8dd198c12b1cc812e800d4181cfcb867674e0f8279cc93087aa"},
]
zipp = [
    {file = "zipp-3.9.0-py3-none-any.whl", hash = "sha256:972cfa31bc2fedd3fa838a51e9bc7e64b7fb725a8c00e7431554311f180e9980"},
    {file = "zipp-3.9.0.tar.gz", hash = "sha256:3a7af91c3db40ec72dd9d154ae18e008c69efe8ca88dde4f9a731bb82fe2f9eb"},
]
